// !$*UTF8*$!
{
	archiveVersion = 1;
	classes = {
	};
	objectVersion = 46;
	objects = {

/* Begin PBXAggregateTarget section */
		"BioSwift::BioSwiftPackageTests::ProductTarget" /* BioSwiftPackageTests */ = {
			isa = PBXAggregateTarget;
			buildConfigurationList = OBJ_31 /* Build configuration list for PBXAggregateTarget "BioSwiftPackageTests" */;
			buildPhases = (
			);
			dependencies = (
				OBJ_34 /* PBXTargetDependency */,
			);
			name = BioSwiftPackageTests;
			productName = BioSwiftPackageTests;
		};
/* End PBXAggregateTarget section */

/* Begin PBXBuildFile section */
		5D09C373241D1BF0006F0D5C /* UnimodParser.swift in Sources */ = {isa = PBXBuildFile; fileRef = 5D09C372241D1BF0006F0D5C /* UnimodParser.swift */; };
		5D09C374241D1BF0006F0D5C /* UnimodParser.swift in Sources */ = {isa = PBXBuildFile; fileRef = 5D09C372241D1BF0006F0D5C /* UnimodParser.swift */; };
		5D09C375241D1BF0006F0D5C /* UnimodParser.swift in Sources */ = {isa = PBXBuildFile; fileRef = 5D09C372241D1BF0006F0D5C /* UnimodParser.swift */; };
		5D09C377241D1C1D006F0D5C /* unimod.xml in Resources */ = {isa = PBXBuildFile; fileRef = 5D09C376241D1C1D006F0D5C /* unimod.xml */; };
		5D39778C23E0F3A100A6631C /* aminoacids.json in Resources */ = {isa = PBXBuildFile; fileRef = 5D3976F723E0F18300A6631C /* aminoacids.json */; };
		5D39778D23E0F3AB00A6631C /* hydropathy.json in Resources */ = {isa = PBXBuildFile; fileRef = 5D3976F823E0F18300A6631C /* hydropathy.json */; };
		5D39778F23E0F3B000A6631C /* elements.json in Resources */ = {isa = PBXBuildFile; fileRef = 5D3976FB23E0F18300A6631C /* elements.json */; };
		5D39779023E0F3B300A6631C /* enzymes.json in Resources */ = {isa = PBXBuildFile; fileRef = 5D3976FD23E0F18300A6631C /* enzymes.json */; };
		5D682EEC23E8F23800D03F10 /* functionalgroups.json in Resources */ = {isa = PBXBuildFile; fileRef = 5D682EEB23E8F23800D03F10 /* functionalgroups.json */; };
		5D9605A023E0F6FC00F6A93E /* ChemicalElement.swift in Sources */ = {isa = PBXBuildFile; fileRef = 5D96059B23E0F6FC00F6A93E /* ChemicalElement.swift */; };
		5D9605A123E0F6FC00F6A93E /* ChemicalElement.swift in Sources */ = {isa = PBXBuildFile; fileRef = 5D96059B23E0F6FC00F6A93E /* ChemicalElement.swift */; };
		5D9605A223E0F6FC00F6A93E /* ChemicalElement.swift in Sources */ = {isa = PBXBuildFile; fileRef = 5D96059B23E0F6FC00F6A93E /* ChemicalElement.swift */; };
		5D9605A323E0F6FC00F6A93E /* AminoAcid.swift in Sources */ = {isa = PBXBuildFile; fileRef = 5D96059C23E0F6FC00F6A93E /* AminoAcid.swift */; };
		5D9605A423E0F6FC00F6A93E /* AminoAcid.swift in Sources */ = {isa = PBXBuildFile; fileRef = 5D96059C23E0F6FC00F6A93E /* AminoAcid.swift */; };
		5D9605A523E0F6FC00F6A93E /* AminoAcid.swift in Sources */ = {isa = PBXBuildFile; fileRef = 5D96059C23E0F6FC00F6A93E /* AminoAcid.swift */; };
		5D9605A623E0F6FC00F6A93E /* Formula.swift in Sources */ = {isa = PBXBuildFile; fileRef = 5D96059D23E0F6FC00F6A93E /* Formula.swift */; };
		5D9605A723E0F6FC00F6A93E /* Formula.swift in Sources */ = {isa = PBXBuildFile; fileRef = 5D96059D23E0F6FC00F6A93E /* Formula.swift */; };
		5D9605A823E0F6FC00F6A93E /* Formula.swift in Sources */ = {isa = PBXBuildFile; fileRef = 5D96059D23E0F6FC00F6A93E /* Formula.swift */; };
		5D9605A923E0F6FC00F6A93E /* FunctionalGroup.swift in Sources */ = {isa = PBXBuildFile; fileRef = 5D96059E23E0F6FC00F6A93E /* FunctionalGroup.swift */; };
		5D9605AA23E0F6FC00F6A93E /* FunctionalGroup.swift in Sources */ = {isa = PBXBuildFile; fileRef = 5D96059E23E0F6FC00F6A93E /* FunctionalGroup.swift */; };
		5D9605AB23E0F6FC00F6A93E /* FunctionalGroup.swift in Sources */ = {isa = PBXBuildFile; fileRef = 5D96059E23E0F6FC00F6A93E /* FunctionalGroup.swift */; };
		5D9605AC23E0F6FC00F6A93E /* Modification.swift in Sources */ = {isa = PBXBuildFile; fileRef = 5D96059F23E0F6FC00F6A93E /* Modification.swift */; };
		5D9605AD23E0F6FC00F6A93E /* Modification.swift in Sources */ = {isa = PBXBuildFile; fileRef = 5D96059F23E0F6FC00F6A93E /* Modification.swift */; };
		5D9605AE23E0F6FC00F6A93E /* Modification.swift in Sources */ = {isa = PBXBuildFile; fileRef = 5D96059F23E0F6FC00F6A93E /* Modification.swift */; };
		5D9605CC23E0F70E00F6A93E /* JSON.swift in Sources */ = {isa = PBXBuildFile; fileRef = 5D9605B023E0F70E00F6A93E /* JSON.swift */; };
		5D9605CD23E0F70E00F6A93E /* JSON.swift in Sources */ = {isa = PBXBuildFile; fileRef = 5D9605B023E0F70E00F6A93E /* JSON.swift */; };
		5D9605CE23E0F70E00F6A93E /* JSON.swift in Sources */ = {isa = PBXBuildFile; fileRef = 5D9605B023E0F70E00F6A93E /* JSON.swift */; };
		5D9605CF23E0F70E00F6A93E /* Fasta.swift in Sources */ = {isa = PBXBuildFile; fileRef = 5D9605B123E0F70E00F6A93E /* Fasta.swift */; };
		5D9605D023E0F70E00F6A93E /* Fasta.swift in Sources */ = {isa = PBXBuildFile; fileRef = 5D9605B123E0F70E00F6A93E /* Fasta.swift */; };
		5D9605D123E0F70E00F6A93E /* Fasta.swift in Sources */ = {isa = PBXBuildFile; fileRef = 5D9605B123E0F70E00F6A93E /* Fasta.swift */; };
		5D9605D223E0F70E00F6A93E /* Utilities.swift in Sources */ = {isa = PBXBuildFile; fileRef = 5D9605B323E0F70E00F6A93E /* Utilities.swift */; };
		5D9605D323E0F70E00F6A93E /* Utilities.swift in Sources */ = {isa = PBXBuildFile; fileRef = 5D9605B323E0F70E00F6A93E /* Utilities.swift */; };
		5D9605D423E0F70E00F6A93E /* Utilities.swift in Sources */ = {isa = PBXBuildFile; fileRef = 5D9605B323E0F70E00F6A93E /* Utilities.swift */; };
		5D9605D523E0F70E00F6A93E /* Bundle+Decoding.swift in Sources */ = {isa = PBXBuildFile; fileRef = 5D9605B423E0F70E00F6A93E /* Bundle+Decoding.swift */; };
		5D9605D623E0F70E00F6A93E /* Bundle+Decoding.swift in Sources */ = {isa = PBXBuildFile; fileRef = 5D9605B423E0F70E00F6A93E /* Bundle+Decoding.swift */; };
		5D9605D723E0F70E00F6A93E /* Bundle+Decoding.swift in Sources */ = {isa = PBXBuildFile; fileRef = 5D9605B423E0F70E00F6A93E /* Bundle+Decoding.swift */; };
		5D9605D823E0F70E00F6A93E /* Webservice.swift in Sources */ = {isa = PBXBuildFile; fileRef = 5D9605B523E0F70E00F6A93E /* Webservice.swift */; };
		5D9605D923E0F70E00F6A93E /* Webservice.swift in Sources */ = {isa = PBXBuildFile; fileRef = 5D9605B523E0F70E00F6A93E /* Webservice.swift */; };
		5D9605DA23E0F70E00F6A93E /* Webservice.swift in Sources */ = {isa = PBXBuildFile; fileRef = 5D9605B523E0F70E00F6A93E /* Webservice.swift */; };
		5D9605DB23E0F70E00F6A93E /* Array.swift in Sources */ = {isa = PBXBuildFile; fileRef = 5D9605B723E0F70E00F6A93E /* Array.swift */; };
		5D9605DC23E0F70E00F6A93E /* Array.swift in Sources */ = {isa = PBXBuildFile; fileRef = 5D9605B723E0F70E00F6A93E /* Array.swift */; };
		5D9605DD23E0F70E00F6A93E /* Array.swift in Sources */ = {isa = PBXBuildFile; fileRef = 5D9605B723E0F70E00F6A93E /* Array.swift */; };
		5D9605E123E0F70E00F6A93E /* String.swift in Sources */ = {isa = PBXBuildFile; fileRef = 5D9605B923E0F70E00F6A93E /* String.swift */; };
		5D9605E223E0F70E00F6A93E /* String.swift in Sources */ = {isa = PBXBuildFile; fileRef = 5D9605B923E0F70E00F6A93E /* String.swift */; };
		5D9605E323E0F70E00F6A93E /* String.swift in Sources */ = {isa = PBXBuildFile; fileRef = 5D9605B923E0F70E00F6A93E /* String.swift */; };
		5D9605E423E0F70E00F6A93E /* Double.swift in Sources */ = {isa = PBXBuildFile; fileRef = 5D9605BA23E0F70E00F6A93E /* Double.swift */; };
		5D9605E523E0F70E00F6A93E /* Double.swift in Sources */ = {isa = PBXBuildFile; fileRef = 5D9605BA23E0F70E00F6A93E /* Double.swift */; };
		5D9605E623E0F70E00F6A93E /* Double.swift in Sources */ = {isa = PBXBuildFile; fileRef = 5D9605BA23E0F70E00F6A93E /* Double.swift */; };
		5D9605E723E0F70E00F6A93E /* Residue.swift in Sources */ = {isa = PBXBuildFile; fileRef = 5D9605BC23E0F70E00F6A93E /* Residue.swift */; };
		5D9605E823E0F70E00F6A93E /* Residue.swift in Sources */ = {isa = PBXBuildFile; fileRef = 5D9605BC23E0F70E00F6A93E /* Residue.swift */; };
		5D9605E923E0F70E00F6A93E /* Residue.swift in Sources */ = {isa = PBXBuildFile; fileRef = 5D9605BC23E0F70E00F6A93E /* Residue.swift */; };
		5D9605ED23E0F70E00F6A93E /* Structure.swift in Sources */ = {isa = PBXBuildFile; fileRef = 5D9605BE23E0F70E00F6A93E /* Structure.swift */; };
		5D9605EE23E0F70E00F6A93E /* Structure.swift in Sources */ = {isa = PBXBuildFile; fileRef = 5D9605BE23E0F70E00F6A93E /* Structure.swift */; };
		5D9605EF23E0F70E00F6A93E /* Structure.swift in Sources */ = {isa = PBXBuildFile; fileRef = 5D9605BE23E0F70E00F6A93E /* Structure.swift */; };
		5D9605F023E0F70E00F6A93E /* Chargeable.swift in Sources */ = {isa = PBXBuildFile; fileRef = 5D9605BF23E0F70E00F6A93E /* Chargeable.swift */; };
		5D9605F123E0F70E00F6A93E /* Chargeable.swift in Sources */ = {isa = PBXBuildFile; fileRef = 5D9605BF23E0F70E00F6A93E /* Chargeable.swift */; };
		5D9605F223E0F70E00F6A93E /* Chargeable.swift in Sources */ = {isa = PBXBuildFile; fileRef = 5D9605BF23E0F70E00F6A93E /* Chargeable.swift */; };
		5D9605F323E0F70E00F6A93E /* Mass.swift in Sources */ = {isa = PBXBuildFile; fileRef = 5D9605C023E0F70E00F6A93E /* Mass.swift */; };
		5D9605F423E0F70E00F6A93E /* Mass.swift in Sources */ = {isa = PBXBuildFile; fileRef = 5D9605C023E0F70E00F6A93E /* Mass.swift */; };
		5D9605F523E0F70E00F6A93E /* Mass.swift in Sources */ = {isa = PBXBuildFile; fileRef = 5D9605C023E0F70E00F6A93E /* Mass.swift */; };
		5D9605F623E0F70E00F6A93E /* Symbol.swift in Sources */ = {isa = PBXBuildFile; fileRef = 5D9605C123E0F70E00F6A93E /* Symbol.swift */; };
		5D9605F723E0F70E00F6A93E /* Symbol.swift in Sources */ = {isa = PBXBuildFile; fileRef = 5D9605C123E0F70E00F6A93E /* Symbol.swift */; };
		5D9605F823E0F70E00F6A93E /* Symbol.swift in Sources */ = {isa = PBXBuildFile; fileRef = 5D9605C123E0F70E00F6A93E /* Symbol.swift */; };
		5D9605F923E0F70E00F6A93E /* Fragment.swift in Sources */ = {isa = PBXBuildFile; fileRef = 5D9605C323E0F70E00F6A93E /* Fragment.swift */; };
		5D9605FA23E0F70E00F6A93E /* Fragment.swift in Sources */ = {isa = PBXBuildFile; fileRef = 5D9605C323E0F70E00F6A93E /* Fragment.swift */; };
		5D9605FB23E0F70E00F6A93E /* Fragment.swift in Sources */ = {isa = PBXBuildFile; fileRef = 5D9605C323E0F70E00F6A93E /* Fragment.swift */; };
		5D9605FC23E0F70E00F6A93E /* Peptide.swift in Sources */ = {isa = PBXBuildFile; fileRef = 5D9605C423E0F70E00F6A93E /* Peptide.swift */; };
		5D9605FD23E0F70E00F6A93E /* Peptide.swift in Sources */ = {isa = PBXBuildFile; fileRef = 5D9605C423E0F70E00F6A93E /* Peptide.swift */; };
		5D9605FE23E0F70E00F6A93E /* Peptide.swift in Sources */ = {isa = PBXBuildFile; fileRef = 5D9605C423E0F70E00F6A93E /* Peptide.swift */; };
		5D9605FF23E0F70E00F6A93E /* BioSequence.swift in Sources */ = {isa = PBXBuildFile; fileRef = 5D9605C523E0F70E00F6A93E /* BioSequence.swift */; };
		5D96060023E0F70E00F6A93E /* BioSequence.swift in Sources */ = {isa = PBXBuildFile; fileRef = 5D9605C523E0F70E00F6A93E /* BioSequence.swift */; };
		5D96060123E0F70E00F6A93E /* BioSequence.swift in Sources */ = {isa = PBXBuildFile; fileRef = 5D9605C523E0F70E00F6A93E /* BioSequence.swift */; };
		5D96060223E0F70E00F6A93E /* Protein.swift in Sources */ = {isa = PBXBuildFile; fileRef = 5D9605C623E0F70E00F6A93E /* Protein.swift */; };
		5D96060323E0F70E00F6A93E /* Protein.swift in Sources */ = {isa = PBXBuildFile; fileRef = 5D9605C623E0F70E00F6A93E /* Protein.swift */; };
		5D96060423E0F70E00F6A93E /* Protein.swift in Sources */ = {isa = PBXBuildFile; fileRef = 5D9605C623E0F70E00F6A93E /* Protein.swift */; };
		5D96060523E0F70E00F6A93E /* Hydropathy.swift in Sources */ = {isa = PBXBuildFile; fileRef = 5D9605C823E0F70E00F6A93E /* Hydropathy.swift */; };
		5D96060623E0F70E00F6A93E /* Hydropathy.swift in Sources */ = {isa = PBXBuildFile; fileRef = 5D9605C823E0F70E00F6A93E /* Hydropathy.swift */; };
		5D96060723E0F70E00F6A93E /* Hydropathy.swift in Sources */ = {isa = PBXBuildFile; fileRef = 5D9605C823E0F70E00F6A93E /* Hydropathy.swift */; };
		5D96060823E0F70E00F6A93E /* Digest.swift in Sources */ = {isa = PBXBuildFile; fileRef = 5D9605C923E0F70E00F6A93E /* Digest.swift */; };
		5D96060923E0F70E00F6A93E /* Digest.swift in Sources */ = {isa = PBXBuildFile; fileRef = 5D9605C923E0F70E00F6A93E /* Digest.swift */; };
		5D96060A23E0F70E00F6A93E /* Digest.swift in Sources */ = {isa = PBXBuildFile; fileRef = 5D9605C923E0F70E00F6A93E /* Digest.swift */; };
		5D96060B23E0F70E00F6A93E /* Enzyme.swift in Sources */ = {isa = PBXBuildFile; fileRef = 5D9605CA23E0F70E00F6A93E /* Enzyme.swift */; };
		5D96060C23E0F70E00F6A93E /* Enzyme.swift in Sources */ = {isa = PBXBuildFile; fileRef = 5D9605CA23E0F70E00F6A93E /* Enzyme.swift */; };
		5D96060D23E0F70E00F6A93E /* Enzyme.swift in Sources */ = {isa = PBXBuildFile; fileRef = 5D9605CA23E0F70E00F6A93E /* Enzyme.swift */; };
		5D96060E23E0F70E00F6A93E /* MassSearch.swift in Sources */ = {isa = PBXBuildFile; fileRef = 5D9605CB23E0F70E00F6A93E /* MassSearch.swift */; };
		5D96060F23E0F70E00F6A93E /* MassSearch.swift in Sources */ = {isa = PBXBuildFile; fileRef = 5D9605CB23E0F70E00F6A93E /* MassSearch.swift */; };
		5D96061023E0F70E00F6A93E /* MassSearch.swift in Sources */ = {isa = PBXBuildFile; fileRef = 5D9605CB23E0F70E00F6A93E /* MassSearch.swift */; };
		5DDAB6E72427CF5900BC0480 /* Molecule.swift in Sources */ = {isa = PBXBuildFile; fileRef = 5DDAB6E62427CF5900BC0480 /* Molecule.swift */; };
		5DDAB6E82427CF5900BC0480 /* Molecule.swift in Sources */ = {isa = PBXBuildFile; fileRef = 5DDAB6E62427CF5900BC0480 /* Molecule.swift */; };
		5DDAB6E92427CF5900BC0480 /* Molecule.swift in Sources */ = {isa = PBXBuildFile; fileRef = 5DDAB6E62427CF5900BC0480 /* Molecule.swift */; };
		OBJ_22 /* BioSwift.swift in Sources */ = {isa = PBXBuildFile; fileRef = OBJ_9 /* BioSwift.swift */; };
		OBJ_29 /* Package.swift in Sources */ = {isa = PBXBuildFile; fileRef = OBJ_6 /* Package.swift */; };
		OBJ_40 /* BioSwiftTests.swift in Sources */ = {isa = PBXBuildFile; fileRef = OBJ_12 /* BioSwiftTests.swift */; };
		OBJ_41 /* XCTestManifests.swift in Sources */ = {isa = PBXBuildFile; fileRef = OBJ_13 /* XCTestManifests.swift */; };
		OBJ_43 /* BioSwift.framework in Frameworks */ = {isa = PBXBuildFile; fileRef = "BioSwift::BioSwift::Product" /* BioSwift.framework */; };
/* End PBXBuildFile section */

/* Begin PBXContainerItemProxy section */
		5D3976F423E0F15200A6631C /* PBXContainerItemProxy */ = {
			isa = PBXContainerItemProxy;
			containerPortal = OBJ_1 /* Project object */;
			proxyType = 1;
			remoteGlobalIDString = "BioSwift::BioSwift";
			remoteInfo = BioSwift;
		};
		5D3976F523E0F15300A6631C /* PBXContainerItemProxy */ = {
			isa = PBXContainerItemProxy;
			containerPortal = OBJ_1 /* Project object */;
			proxyType = 1;
			remoteGlobalIDString = "BioSwift::BioSwiftTests";
			remoteInfo = BioSwiftTests;
		};
/* End PBXContainerItemProxy section */

/* Begin PBXFileReference section */
		5D09C371241D1BEF006F0D5C /* BioSwiftPackageTests-Bridging-Header.h */ = {isa = PBXFileReference; lastKnownFileType = sourcecode.c.h; path = "BioSwiftPackageTests-Bridging-Header.h"; sourceTree = "<group>"; };
		5D09C372241D1BF0006F0D5C /* UnimodParser.swift */ = {isa = PBXFileReference; fileEncoding = 4; lastKnownFileType = sourcecode.swift; path = UnimodParser.swift; sourceTree = "<group>"; };
		5D09C376241D1C1D006F0D5C /* unimod.xml */ = {isa = PBXFileReference; fileEncoding = 4; lastKnownFileType = text.xml; path = unimod.xml; sourceTree = "<group>"; };
		5D3976F723E0F18300A6631C /* aminoacids.json */ = {isa = PBXFileReference; fileEncoding = 4; lastKnownFileType = text.json; path = aminoacids.json; sourceTree = "<group>"; };
		5D3976F823E0F18300A6631C /* hydropathy.json */ = {isa = PBXFileReference; fileEncoding = 4; lastKnownFileType = text.json; path = hydropathy.json; sourceTree = "<group>"; };
		5D3976FB23E0F18300A6631C /* elements.json */ = {isa = PBXFileReference; fileEncoding = 4; lastKnownFileType = text.json; path = elements.json; sourceTree = "<group>"; };
		5D3976FD23E0F18300A6631C /* enzymes.json */ = {isa = PBXFileReference; fileEncoding = 4; lastKnownFileType = text.json; path = enzymes.json; sourceTree = "<group>"; };
		5D682EEB23E8F23800D03F10 /* functionalgroups.json */ = {isa = PBXFileReference; fileEncoding = 4; lastKnownFileType = text.json; path = functionalgroups.json; sourceTree = "<group>"; };
		5D96059B23E0F6FC00F6A93E /* ChemicalElement.swift */ = {isa = PBXFileReference; fileEncoding = 4; lastKnownFileType = sourcecode.swift; path = ChemicalElement.swift; sourceTree = "<group>"; };
		5D96059C23E0F6FC00F6A93E /* AminoAcid.swift */ = {isa = PBXFileReference; fileEncoding = 4; lastKnownFileType = sourcecode.swift; path = AminoAcid.swift; sourceTree = "<group>"; };
		5D96059D23E0F6FC00F6A93E /* Formula.swift */ = {isa = PBXFileReference; fileEncoding = 4; lastKnownFileType = sourcecode.swift; path = Formula.swift; sourceTree = "<group>"; };
		5D96059E23E0F6FC00F6A93E /* FunctionalGroup.swift */ = {isa = PBXFileReference; fileEncoding = 4; lastKnownFileType = sourcecode.swift; path = FunctionalGroup.swift; sourceTree = "<group>"; };
		5D96059F23E0F6FC00F6A93E /* Modification.swift */ = {isa = PBXFileReference; fileEncoding = 4; lastKnownFileType = sourcecode.swift; path = Modification.swift; sourceTree = "<group>"; };
		5D9605B023E0F70E00F6A93E /* JSON.swift */ = {isa = PBXFileReference; fileEncoding = 4; lastKnownFileType = sourcecode.swift; path = JSON.swift; sourceTree = "<group>"; };
		5D9605B123E0F70E00F6A93E /* Fasta.swift */ = {isa = PBXFileReference; fileEncoding = 4; lastKnownFileType = sourcecode.swift; path = Fasta.swift; sourceTree = "<group>"; };
		5D9605B323E0F70E00F6A93E /* Utilities.swift */ = {isa = PBXFileReference; fileEncoding = 4; lastKnownFileType = sourcecode.swift; path = Utilities.swift; sourceTree = "<group>"; };
		5D9605B423E0F70E00F6A93E /* Bundle+Decoding.swift */ = {isa = PBXFileReference; fileEncoding = 4; lastKnownFileType = sourcecode.swift; path = "Bundle+Decoding.swift"; sourceTree = "<group>"; };
		5D9605B523E0F70E00F6A93E /* Webservice.swift */ = {isa = PBXFileReference; fileEncoding = 4; lastKnownFileType = sourcecode.swift; path = Webservice.swift; sourceTree = "<group>"; };
		5D9605B723E0F70E00F6A93E /* Array.swift */ = {isa = PBXFileReference; fileEncoding = 4; lastKnownFileType = sourcecode.swift; path = Array.swift; sourceTree = "<group>"; };
		5D9605B923E0F70E00F6A93E /* String.swift */ = {isa = PBXFileReference; fileEncoding = 4; lastKnownFileType = sourcecode.swift; path = String.swift; sourceTree = "<group>"; };
		5D9605BA23E0F70E00F6A93E /* Double.swift */ = {isa = PBXFileReference; fileEncoding = 4; lastKnownFileType = sourcecode.swift; path = Double.swift; sourceTree = "<group>"; };
		5D9605BC23E0F70E00F6A93E /* Residue.swift */ = {isa = PBXFileReference; fileEncoding = 4; lastKnownFileType = sourcecode.swift; path = Residue.swift; sourceTree = "<group>"; };
		5D9605BE23E0F70E00F6A93E /* Structure.swift */ = {isa = PBXFileReference; fileEncoding = 4; lastKnownFileType = sourcecode.swift; path = Structure.swift; sourceTree = "<group>"; };
		5D9605BF23E0F70E00F6A93E /* Chargeable.swift */ = {isa = PBXFileReference; fileEncoding = 4; lastKnownFileType = sourcecode.swift; path = Chargeable.swift; sourceTree = "<group>"; };
		5D9605C023E0F70E00F6A93E /* Mass.swift */ = {isa = PBXFileReference; fileEncoding = 4; lastKnownFileType = sourcecode.swift; path = Mass.swift; sourceTree = "<group>"; };
		5D9605C123E0F70E00F6A93E /* Symbol.swift */ = {isa = PBXFileReference; fileEncoding = 4; lastKnownFileType = sourcecode.swift; path = Symbol.swift; sourceTree = "<group>"; };
		5D9605C323E0F70E00F6A93E /* Fragment.swift */ = {isa = PBXFileReference; fileEncoding = 4; lastKnownFileType = sourcecode.swift; path = Fragment.swift; sourceTree = "<group>"; };
		5D9605C423E0F70E00F6A93E /* Peptide.swift */ = {isa = PBXFileReference; fileEncoding = 4; lastKnownFileType = sourcecode.swift; path = Peptide.swift; sourceTree = "<group>"; };
		5D9605C523E0F70E00F6A93E /* BioSequence.swift */ = {isa = PBXFileReference; fileEncoding = 4; lastKnownFileType = sourcecode.swift; path = BioSequence.swift; sourceTree = "<group>"; };
		5D9605C623E0F70E00F6A93E /* Protein.swift */ = {isa = PBXFileReference; fileEncoding = 4; lastKnownFileType = sourcecode.swift; path = Protein.swift; sourceTree = "<group>"; };
		5D9605C823E0F70E00F6A93E /* Hydropathy.swift */ = {isa = PBXFileReference; fileEncoding = 4; lastKnownFileType = sourcecode.swift; path = Hydropathy.swift; sourceTree = "<group>"; };
		5D9605C923E0F70E00F6A93E /* Digest.swift */ = {isa = PBXFileReference; fileEncoding = 4; lastKnownFileType = sourcecode.swift; path = Digest.swift; sourceTree = "<group>"; };
		5D9605CA23E0F70E00F6A93E /* Enzyme.swift */ = {isa = PBXFileReference; fileEncoding = 4; lastKnownFileType = sourcecode.swift; path = Enzyme.swift; sourceTree = "<group>"; };
		5D9605CB23E0F70E00F6A93E /* MassSearch.swift */ = {isa = PBXFileReference; fileEncoding = 4; lastKnownFileType = sourcecode.swift; path = MassSearch.swift; sourceTree = "<group>"; wrapsLines = 0; };
		5DDAB6E62427CF5900BC0480 /* Molecule.swift */ = {isa = PBXFileReference; lastKnownFileType = sourcecode.swift; path = Molecule.swift; sourceTree = "<group>"; };
		5DE85C4A23E713DA00645496 /* elements.txt */ = {isa = PBXFileReference; lastKnownFileType = text; path = elements.txt; sourceTree = "<group>"; };
		"BioSwift::BioSwift::Product" /* BioSwift.framework */ = {isa = PBXFileReference; explicitFileType = wrapper.framework; path = BioSwift.framework; sourceTree = BUILT_PRODUCTS_DIR; };
		"BioSwift::BioSwiftTests::Product" /* BioSwiftTests.xctest */ = {isa = PBXFileReference; lastKnownFileType = file; path = BioSwiftTests.xctest; sourceTree = BUILT_PRODUCTS_DIR; };
		OBJ_12 /* BioSwiftTests.swift */ = {isa = PBXFileReference; lastKnownFileType = sourcecode.swift; path = BioSwiftTests.swift; sourceTree = "<group>"; };
		OBJ_13 /* XCTestManifests.swift */ = {isa = PBXFileReference; lastKnownFileType = sourcecode.swift; path = XCTestManifests.swift; sourceTree = "<group>"; };
		OBJ_6 /* Package.swift */ = {isa = PBXFileReference; explicitFileType = sourcecode.swift; path = Package.swift; sourceTree = "<group>"; };
		OBJ_9 /* BioSwift.swift */ = {isa = PBXFileReference; lastKnownFileType = sourcecode.swift; path = BioSwift.swift; sourceTree = "<group>"; };
/* End PBXFileReference section */

/* Begin PBXFrameworksBuildPhase section */
		OBJ_23 /* Frameworks */ = {
			isa = PBXFrameworksBuildPhase;
			buildActionMask = 0;
			files = (
			);
			runOnlyForDeploymentPostprocessing = 0;
		};
		OBJ_42 /* Frameworks */ = {
			isa = PBXFrameworksBuildPhase;
			buildActionMask = 0;
			files = (
				OBJ_43 /* BioSwift.framework in Frameworks */,
			);
			runOnlyForDeploymentPostprocessing = 0;
		};
/* End PBXFrameworksBuildPhase section */

/* Begin PBXGroup section */
		5D3976F623E0F18300A6631C /* Resources */ = {
			isa = PBXGroup;
			children = (
				5DE85C4A23E713DA00645496 /* elements.txt */,
				5D3976F723E0F18300A6631C /* aminoacids.json */,
				5D3976FB23E0F18300A6631C /* elements.json */,
				5D3976FD23E0F18300A6631C /* enzymes.json */,
				5D682EEB23E8F23800D03F10 /* functionalgroups.json */,
				5D3976F823E0F18300A6631C /* hydropathy.json */,
				5D09C376241D1C1D006F0D5C /* unimod.xml */,
			);
			path = Resources;
			sourceTree = "<group>";
		};
		5D96059A23E0F6FC00F6A93E /* Building Blocks */ = {
			isa = PBXGroup;
			children = (
				5D96059C23E0F6FC00F6A93E /* AminoAcid.swift */,
				5D96059B23E0F6FC00F6A93E /* ChemicalElement.swift */,
				5D96059D23E0F6FC00F6A93E /* Formula.swift */,
				5D96059E23E0F6FC00F6A93E /* FunctionalGroup.swift */,
				5D96059F23E0F6FC00F6A93E /* Modification.swift */,
				5DDAB6E62427CF5900BC0480 /* Molecule.swift */,
			);
			name = "Building Blocks";
			path = "Sources/Building Blocks";
			sourceTree = "<group>";
		};
		5D9605AF23E0F70E00F6A93E /* Data */ = {
			isa = PBXGroup;
			children = (
				5D9605B023E0F70E00F6A93E /* JSON.swift */,
				5D9605B123E0F70E00F6A93E /* Fasta.swift */,
			);
			name = Data;
			path = Sources/Data;
			sourceTree = "<group>";
		};
		5D9605B223E0F70E00F6A93E /* Support */ = {
			isa = PBXGroup;
			children = (
				5D9605B423E0F70E00F6A93E /* Bundle+Decoding.swift */,
				5D09C372241D1BF0006F0D5C /* UnimodParser.swift */,
				5D9605B323E0F70E00F6A93E /* Utilities.swift */,
				5D9605B523E0F70E00F6A93E /* Webservice.swift */,
			);
			name = Support;
			path = Sources/Support;
			sourceTree = "<group>";
		};
		5D9605B623E0F70E00F6A93E /* Extensions */ = {
			isa = PBXGroup;
			children = (
				5D9605B723E0F70E00F6A93E /* Array.swift */,
				5D9605B923E0F70E00F6A93E /* String.swift */,
				5D9605BA23E0F70E00F6A93E /* Double.swift */,
			);
			name = Extensions;
			path = Sources/Extensions;
			sourceTree = "<group>";
		};
		5D9605BB23E0F70E00F6A93E /* Protocols */ = {
			isa = PBXGroup;
			children = (
				5D9605C523E0F70E00F6A93E /* BioSequence.swift */,
				5D9605BF23E0F70E00F6A93E /* Chargeable.swift */,
				5D9605C023E0F70E00F6A93E /* Mass.swift */,
				5D9605BC23E0F70E00F6A93E /* Residue.swift */,
				5D9605BE23E0F70E00F6A93E /* Structure.swift */,
				5D9605C123E0F70E00F6A93E /* Symbol.swift */,
			);
			name = Protocols;
			path = Sources/Protocols;
			sourceTree = "<group>";
		};
		5D9605C223E0F70E00F6A93E /* Sequence */ = {
			isa = PBXGroup;
			children = (
				5D9605C323E0F70E00F6A93E /* Fragment.swift */,
				5D9605C423E0F70E00F6A93E /* Peptide.swift */,
				5D9605C623E0F70E00F6A93E /* Protein.swift */,
			);
			name = Sequence;
			path = Sources/Sequence;
			sourceTree = "<group>";
		};
		5D9605C723E0F70E00F6A93E /* Calculators */ = {
			isa = PBXGroup;
			children = (
				5D9605C823E0F70E00F6A93E /* Hydropathy.swift */,
				5D9605C923E0F70E00F6A93E /* Digest.swift */,
				5D9605CA23E0F70E00F6A93E /* Enzyme.swift */,
				5D9605CB23E0F70E00F6A93E /* MassSearch.swift */,
			);
			name = Calculators;
			path = Sources/Calculators;
			sourceTree = "<group>";
		};
		OBJ_10 /* Tests */ = {
			isa = PBXGroup;
			children = (
				OBJ_11 /* BioSwiftTests */,
			);
			name = Tests;
			sourceTree = SOURCE_ROOT;
		};
		OBJ_11 /* BioSwiftTests */ = {
			isa = PBXGroup;
			children = (
				5D09C371241D1BEF006F0D5C /* BioSwiftPackageTests-Bridging-Header.h */,
				OBJ_12 /* BioSwiftTests.swift */,
				OBJ_13 /* XCTestManifests.swift */,
			);
			name = BioSwiftTests;
			path = Tests/BioSwiftTests;
			sourceTree = SOURCE_ROOT;
		};
		OBJ_14 /* Products */ = {
			isa = PBXGroup;
			children = (
				"BioSwift::BioSwiftTests::Product" /* BioSwiftTests.xctest */,
				"BioSwift::BioSwift::Product" /* BioSwift.framework */,
			);
			name = Products;
			sourceTree = BUILT_PRODUCTS_DIR;
		};
		OBJ_5 = {
			isa = PBXGroup;
			children = (
				OBJ_6 /* Package.swift */,
				5D3976F623E0F18300A6631C /* Resources */,
				OBJ_7 /* Sources */,
				OBJ_10 /* Tests */,
				OBJ_14 /* Products */,
			);
			sourceTree = "<group>";
		};
		OBJ_7 /* Sources */ = {
			isa = PBXGroup;
			children = (
				OBJ_8 /* BioSwift */,
				5D96059A23E0F6FC00F6A93E /* Building Blocks */,
				5D9605C723E0F70E00F6A93E /* Calculators */,
				5D9605AF23E0F70E00F6A93E /* Data */,
				5D9605B623E0F70E00F6A93E /* Extensions */,
				5D9605BB23E0F70E00F6A93E /* Protocols */,
				5D9605C223E0F70E00F6A93E /* Sequence */,
				5D9605B223E0F70E00F6A93E /* Support */,
			);
			name = Sources;
			sourceTree = SOURCE_ROOT;
		};
		OBJ_8 /* BioSwift */ = {
			isa = PBXGroup;
			children = (
				OBJ_9 /* BioSwift.swift */,
			);
			name = BioSwift;
			path = Sources/BioSwift;
			sourceTree = SOURCE_ROOT;
		};
/* End PBXGroup section */

/* Begin PBXNativeTarget section */
		"BioSwift::BioSwift" /* BioSwift */ = {
			isa = PBXNativeTarget;
			buildConfigurationList = OBJ_18 /* Build configuration list for PBXNativeTarget "BioSwift" */;
			buildPhases = (
				OBJ_21 /* Sources */,
				OBJ_23 /* Frameworks */,
				5D39778B23E0F39500A6631C /* Resources */,
			);
			buildRules = (
			);
			dependencies = (
			);
			name = BioSwift;
			productName = BioSwift;
			productReference = "BioSwift::BioSwift::Product" /* BioSwift.framework */;
			productType = "com.apple.product-type.framework";
		};
		"BioSwift::BioSwiftTests" /* BioSwiftTests */ = {
			isa = PBXNativeTarget;
			buildConfigurationList = OBJ_36 /* Build configuration list for PBXNativeTarget "BioSwiftTests" */;
			buildPhases = (
				OBJ_39 /* Sources */,
				OBJ_42 /* Frameworks */,
			);
			buildRules = (
			);
			dependencies = (
				OBJ_44 /* PBXTargetDependency */,
			);
			name = BioSwiftTests;
			productName = BioSwiftTests;
			productReference = "BioSwift::BioSwiftTests::Product" /* BioSwiftTests.xctest */;
			productType = "com.apple.product-type.bundle.unit-test";
		};
		"BioSwift::SwiftPMPackageDescription" /* BioSwiftPackageDescription */ = {
			isa = PBXNativeTarget;
			buildConfigurationList = OBJ_25 /* Build configuration list for PBXNativeTarget "BioSwiftPackageDescription" */;
			buildPhases = (
				OBJ_28 /* Sources */,
			);
			buildRules = (
			);
			dependencies = (
			);
			name = BioSwiftPackageDescription;
			productName = BioSwiftPackageDescription;
			productType = "com.apple.product-type.framework";
		};
/* End PBXNativeTarget section */

/* Begin PBXProject section */
		OBJ_1 /* Project object */ = {
			isa = PBXProject;
			attributes = {
				LastUpgradeCheck = 9999;
				TargetAttributes = {
					"BioSwift::BioSwift" = {
						DevelopmentTeam = Z9FHH9AM7K;
					};
					"BioSwift::BioSwiftPackageTests::ProductTarget" = {
						LastSwiftMigration = 1010;
					};
				};
			};
			buildConfigurationList = OBJ_2 /* Build configuration list for PBXProject "BioSwift" */;
			compatibilityVersion = "Xcode 3.2";
			developmentRegion = English;
			hasScannedForEncodings = 0;
			knownRegions = (
				en,
			);
			mainGroup = OBJ_5;
			productRefGroup = OBJ_14 /* Products */;
			projectDirPath = "";
			projectRoot = "";
			targets = (
				"BioSwift::BioSwift" /* BioSwift */,
				"BioSwift::SwiftPMPackageDescription" /* BioSwiftPackageDescription */,
				"BioSwift::BioSwiftPackageTests::ProductTarget" /* BioSwiftPackageTests */,
				"BioSwift::BioSwiftTests" /* BioSwiftTests */,
			);
		};
/* End PBXProject section */

/* Begin PBXResourcesBuildPhase section */
		5D39778B23E0F39500A6631C /* Resources */ = {
			isa = PBXResourcesBuildPhase;
			buildActionMask = 2147483647;
			files = (
				5D682EEC23E8F23800D03F10 /* functionalgroups.json in Resources */,
				5D39778C23E0F3A100A6631C /* aminoacids.json in Resources */,
				5D39778F23E0F3B000A6631C /* elements.json in Resources */,
				5D09C377241D1C1D006F0D5C /* unimod.xml in Resources */,
				5D39779023E0F3B300A6631C /* enzymes.json in Resources */,
				5D39778D23E0F3AB00A6631C /* hydropathy.json in Resources */,
			);
			runOnlyForDeploymentPostprocessing = 0;
		};
/* End PBXResourcesBuildPhase section */

/* Begin PBXSourcesBuildPhase section */
		OBJ_21 /* Sources */ = {
			isa = PBXSourcesBuildPhase;
			buildActionMask = 0;
			files = (
				5D9605A923E0F6FC00F6A93E /* FunctionalGroup.swift in Sources */,
				5D9605CC23E0F70E00F6A93E /* JSON.swift in Sources */,
				5D96060E23E0F70E00F6A93E /* MassSearch.swift in Sources */,
				5D9605D523E0F70E00F6A93E /* Bundle+Decoding.swift in Sources */,
				5D9605A023E0F6FC00F6A93E /* ChemicalElement.swift in Sources */,
				5D9605E123E0F70E00F6A93E /* String.swift in Sources */,
				5D9605D823E0F70E00F6A93E /* Webservice.swift in Sources */,
				5DDAB6E72427CF5900BC0480 /* Molecule.swift in Sources */,
				5D9605A323E0F6FC00F6A93E /* AminoAcid.swift in Sources */,
				5D9605ED23E0F70E00F6A93E /* Structure.swift in Sources */,
				5D96060523E0F70E00F6A93E /* Hydropathy.swift in Sources */,
				5D09C373241D1BF0006F0D5C /* UnimodParser.swift in Sources */,
				5D9605F323E0F70E00F6A93E /* Mass.swift in Sources */,
				5D96060B23E0F70E00F6A93E /* Enzyme.swift in Sources */,
				5D9605F623E0F70E00F6A93E /* Symbol.swift in Sources */,
				5D9605AC23E0F6FC00F6A93E /* Modification.swift in Sources */,
				5D9605E723E0F70E00F6A93E /* Residue.swift in Sources */,
				5D9605CF23E0F70E00F6A93E /* Fasta.swift in Sources */,
				5D9605D223E0F70E00F6A93E /* Utilities.swift in Sources */,
				5D9605FC23E0F70E00F6A93E /* Peptide.swift in Sources */,
				5D9605DB23E0F70E00F6A93E /* Array.swift in Sources */,
				5D9605A623E0F6FC00F6A93E /* Formula.swift in Sources */,
				5D9605E423E0F70E00F6A93E /* Double.swift in Sources */,
				5D9605F923E0F70E00F6A93E /* Fragment.swift in Sources */,
				5D96060823E0F70E00F6A93E /* Digest.swift in Sources */,
				OBJ_22 /* BioSwift.swift in Sources */,
				5D9605F023E0F70E00F6A93E /* Chargeable.swift in Sources */,
				5D9605FF23E0F70E00F6A93E /* BioSequence.swift in Sources */,
				5D96060223E0F70E00F6A93E /* Protein.swift in Sources */,
			);
			runOnlyForDeploymentPostprocessing = 0;
		};
		OBJ_28 /* Sources */ = {
			isa = PBXSourcesBuildPhase;
			buildActionMask = 0;
			files = (
				5D9605AA23E0F6FC00F6A93E /* FunctionalGroup.swift in Sources */,
				5D9605CD23E0F70E00F6A93E /* JSON.swift in Sources */,
				5D96060F23E0F70E00F6A93E /* MassSearch.swift in Sources */,
				5D9605D623E0F70E00F6A93E /* Bundle+Decoding.swift in Sources */,
				5D9605A123E0F6FC00F6A93E /* ChemicalElement.swift in Sources */,
				5D9605E223E0F70E00F6A93E /* String.swift in Sources */,
				5D9605D923E0F70E00F6A93E /* Webservice.swift in Sources */,
				5DDAB6E82427CF5900BC0480 /* Molecule.swift in Sources */,
				5D9605A423E0F6FC00F6A93E /* AminoAcid.swift in Sources */,
				5D9605EE23E0F70E00F6A93E /* Structure.swift in Sources */,
				5D96060623E0F70E00F6A93E /* Hydropathy.swift in Sources */,
				5D09C374241D1BF0006F0D5C /* UnimodParser.swift in Sources */,
				5D9605F423E0F70E00F6A93E /* Mass.swift in Sources */,
				5D96060C23E0F70E00F6A93E /* Enzyme.swift in Sources */,
				5D9605F723E0F70E00F6A93E /* Symbol.swift in Sources */,
				5D9605AD23E0F6FC00F6A93E /* Modification.swift in Sources */,
				5D9605E823E0F70E00F6A93E /* Residue.swift in Sources */,
				5D9605D023E0F70E00F6A93E /* Fasta.swift in Sources */,
				5D9605D323E0F70E00F6A93E /* Utilities.swift in Sources */,
				5D9605FD23E0F70E00F6A93E /* Peptide.swift in Sources */,
				5D9605DC23E0F70E00F6A93E /* Array.swift in Sources */,
				5D9605A723E0F6FC00F6A93E /* Formula.swift in Sources */,
				5D9605E523E0F70E00F6A93E /* Double.swift in Sources */,
				5D9605FA23E0F70E00F6A93E /* Fragment.swift in Sources */,
				5D96060923E0F70E00F6A93E /* Digest.swift in Sources */,
				OBJ_29 /* Package.swift in Sources */,
				5D9605F123E0F70E00F6A93E /* Chargeable.swift in Sources */,
				5D96060023E0F70E00F6A93E /* BioSequence.swift in Sources */,
				5D96060323E0F70E00F6A93E /* Protein.swift in Sources */,
			);
			runOnlyForDeploymentPostprocessing = 0;
		};
		OBJ_39 /* Sources */ = {
			isa = PBXSourcesBuildPhase;
			buildActionMask = 0;
			files = (
				5D9605EF23E0F70E00F6A93E /* Structure.swift in Sources */,
				5D9605AB23E0F6FC00F6A93E /* FunctionalGroup.swift in Sources */,
				OBJ_40 /* BioSwiftTests.swift in Sources */,
				5D96061023E0F70E00F6A93E /* MassSearch.swift in Sources */,
				5D9605E623E0F70E00F6A93E /* Double.swift in Sources */,
				5D9605DA23E0F70E00F6A93E /* Webservice.swift in Sources */,
				5DDAB6E92427CF5900BC0480 /* Molecule.swift in Sources */,
				5D9605F223E0F70E00F6A93E /* Chargeable.swift in Sources */,
				5D9605FB23E0F70E00F6A93E /* Fragment.swift in Sources */,
				5D9605D723E0F70E00F6A93E /* Bundle+Decoding.swift in Sources */,
				5D96060723E0F70E00F6A93E /* Hydropathy.swift in Sources */,
				OBJ_41 /* XCTestManifests.swift in Sources */,
				5D9605A223E0F6FC00F6A93E /* ChemicalElement.swift in Sources */,
				5D96060A23E0F70E00F6A93E /* Digest.swift in Sources */,
				5D9605FE23E0F70E00F6A93E /* Peptide.swift in Sources */,
				5D9605A823E0F6FC00F6A93E /* Formula.swift in Sources */,
				5D9605AE23E0F6FC00F6A93E /* Modification.swift in Sources */,
				5D96060123E0F70E00F6A93E /* BioSequence.swift in Sources */,
				5D9605D123E0F70E00F6A93E /* Fasta.swift in Sources */,
				5D9605DD23E0F70E00F6A93E /* Array.swift in Sources */,
				5D96060423E0F70E00F6A93E /* Protein.swift in Sources */,
				5D9605A523E0F6FC00F6A93E /* AminoAcid.swift in Sources */,
				5D9605D423E0F70E00F6A93E /* Utilities.swift in Sources */,
				5D9605E323E0F70E00F6A93E /* String.swift in Sources */,
				5D9605F823E0F70E00F6A93E /* Symbol.swift in Sources */,
				5D96060D23E0F70E00F6A93E /* Enzyme.swift in Sources */,
				5D9605E923E0F70E00F6A93E /* Residue.swift in Sources */,
				5D9605CE23E0F70E00F6A93E /* JSON.swift in Sources */,
				5D09C375241D1BF0006F0D5C /* UnimodParser.swift in Sources */,
				5D9605F523E0F70E00F6A93E /* Mass.swift in Sources */,
			);
			runOnlyForDeploymentPostprocessing = 0;
		};
/* End PBXSourcesBuildPhase section */

/* Begin PBXTargetDependency section */
		OBJ_34 /* PBXTargetDependency */ = {
			isa = PBXTargetDependency;
			target = "BioSwift::BioSwiftTests" /* BioSwiftTests */;
			targetProxy = 5D3976F523E0F15300A6631C /* PBXContainerItemProxy */;
		};
		OBJ_44 /* PBXTargetDependency */ = {
			isa = PBXTargetDependency;
			target = "BioSwift::BioSwift" /* BioSwift */;
			targetProxy = 5D3976F423E0F15200A6631C /* PBXContainerItemProxy */;
		};
/* End PBXTargetDependency section */

/* Begin XCBuildConfiguration section */
		OBJ_19 /* Debug */ = {
			isa = XCBuildConfiguration;
			buildSettings = {
				CODE_SIGN_IDENTITY = "Mac Developer";
				DEVELOPMENT_TEAM = Z9FHH9AM7K;
				ENABLE_TESTABILITY = YES;
				FRAMEWORK_SEARCH_PATHS = (
					"$(inherited)",
					"$(PLATFORM_DIR)/Developer/Library/Frameworks",
				);
				HEADER_SEARCH_PATHS = "$(inherited)";
				INFOPLIST_FILE = BioSwift.xcodeproj/BioSwift_Info.plist;
				LD_RUNPATH_SEARCH_PATHS = "$(inherited) $(TOOLCHAIN_DIR)/usr/lib/swift/macosx";
				OTHER_CFLAGS = "$(inherited)";
				OTHER_LDFLAGS = "$(inherited)";
				OTHER_SWIFT_FLAGS = "$(inherited)";
				PRODUCT_BUNDLE_IDENTIFIER = com.koenvanderdrift.BioSwift;
				PRODUCT_MODULE_NAME = "$(TARGET_NAME:c99extidentifier)";
				PRODUCT_NAME = "$(TARGET_NAME:c99extidentifier)";
				SKIP_INSTALL = YES;
				SWIFT_ACTIVE_COMPILATION_CONDITIONS = "$(inherited)";
				SWIFT_VERSION = 4.2;
				TARGET_NAME = BioSwift;
			};
			name = Debug;
		};
		OBJ_20 /* Release */ = {
			isa = XCBuildConfiguration;
			buildSettings = {
				CODE_SIGN_IDENTITY = "Mac Developer";
				DEVELOPMENT_TEAM = Z9FHH9AM7K;
				ENABLE_TESTABILITY = YES;
				FRAMEWORK_SEARCH_PATHS = (
					"$(inherited)",
					"$(PLATFORM_DIR)/Developer/Library/Frameworks",
				);
				HEADER_SEARCH_PATHS = "$(inherited)";
				INFOPLIST_FILE = BioSwift.xcodeproj/BioSwift_Info.plist;
				LD_RUNPATH_SEARCH_PATHS = "$(inherited) $(TOOLCHAIN_DIR)/usr/lib/swift/macosx";
				OTHER_CFLAGS = "$(inherited)";
				OTHER_LDFLAGS = "$(inherited)";
				OTHER_SWIFT_FLAGS = "$(inherited)";
				PRODUCT_BUNDLE_IDENTIFIER = com.koenvanderdrift.BioSwift;
				PRODUCT_MODULE_NAME = "$(TARGET_NAME:c99extidentifier)";
				PRODUCT_NAME = "$(TARGET_NAME:c99extidentifier)";
				SKIP_INSTALL = YES;
				SWIFT_ACTIVE_COMPILATION_CONDITIONS = "$(inherited)";
				SWIFT_VERSION = 4.2;
				TARGET_NAME = BioSwift;
			};
			name = Release;
		};
		OBJ_26 /* Debug */ = {
			isa = XCBuildConfiguration;
			buildSettings = {
				LD = /usr/bin/true;
				OTHER_SWIFT_FLAGS = "-swift-version 4.2 -I $(TOOLCHAIN_DIR)/usr/lib/swift/pm/4_2 -target x86_64-apple-macosx10.10 -sdk /Applications/Xcode.app/Contents/Developer/Platforms/MacOSX.platform/Developer/SDKs/MacOSX10.14.sdk";
				SWIFT_VERSION = 4.2;
			};
			name = Debug;
		};
		OBJ_27 /* Release */ = {
			isa = XCBuildConfiguration;
			buildSettings = {
				LD = /usr/bin/true;
				OTHER_SWIFT_FLAGS = "-swift-version 4.2 -I $(TOOLCHAIN_DIR)/usr/lib/swift/pm/4_2 -target x86_64-apple-macosx10.10 -sdk /Applications/Xcode.app/Contents/Developer/Platforms/MacOSX.platform/Developer/SDKs/MacOSX10.14.sdk";
				SWIFT_VERSION = 4.2;
			};
			name = Release;
		};
		OBJ_3 /* Debug */ = {
			isa = XCBuildConfiguration;
			buildSettings = {
				CLANG_ENABLE_OBJC_ARC = YES;
				COMBINE_HIDPI_IMAGES = YES;
				COPY_PHASE_STRIP = NO;
				DEBUG_INFORMATION_FORMAT = dwarf;
				DYLIB_INSTALL_NAME_BASE = "@rpath";
				ENABLE_NS_ASSERTIONS = YES;
				GCC_OPTIMIZATION_LEVEL = 0;
				GCC_PREPROCESSOR_DEFINITIONS = (
					"DEBUG=1",
					"$(inherited)",
				);
				MACOSX_DEPLOYMENT_TARGET = 10.13;
				ONLY_ACTIVE_ARCH = YES;
				OTHER_SWIFT_FLAGS = "-DXcode";
				PRODUCT_NAME = "$(TARGET_NAME)";
				SDKROOT = macosx;
				SUPPORTED_PLATFORMS = "macosx iphoneos iphonesimulator appletvos appletvsimulator watchos watchsimulator";
				SWIFT_ACTIVE_COMPILATION_CONDITIONS = "SWIFT_PACKAGE DEBUG";
				SWIFT_OPTIMIZATION_LEVEL = "-Onone";
				SWIFT_VERSION = 4.2;
				USE_HEADERMAP = NO;
			};
			name = Debug;
		};
		OBJ_32 /* Debug */ = {
			isa = XCBuildConfiguration;
			buildSettings = {
				CLANG_ENABLE_MODULES = YES;
				LD_RUNPATH_SEARCH_PATHS = "$(inherited) @executable_path/Frameworks @loader_path/Frameworks";
				SWIFT_OBJC_BRIDGING_HEADER = "Sources/Support/BioSwiftPackageTests-Bridging-Header.h";
				SWIFT_OPTIMIZATION_LEVEL = "-Onone";
				SWIFT_VERSION = 4.2;
			};
			name = Debug;
		};
		OBJ_33 /* Release */ = {
			isa = XCBuildConfiguration;
			buildSettings = {
				CLANG_ENABLE_MODULES = YES;
				LD_RUNPATH_SEARCH_PATHS = "$(inherited) @executable_path/Frameworks @loader_path/Frameworks";
				SWIFT_OBJC_BRIDGING_HEADER = "Sources/Support/BioSwiftPackageTests-Bridging-Header.h";
				SWIFT_VERSION = 4.2;
			};
			name = Release;
		};
		OBJ_37 /* Debug */ = {
			isa = XCBuildConfiguration;
			buildSettings = {
				CLANG_ENABLE_MODULES = YES;
				EMBEDDED_CONTENT_CONTAINS_SWIFT = YES;
				FRAMEWORK_SEARCH_PATHS = (
					"$(inherited)",
					"$(PLATFORM_DIR)/Developer/Library/Frameworks",
				);
				HEADER_SEARCH_PATHS = "$(inherited)";
				INFOPLIST_FILE = BioSwift.xcodeproj/BioSwiftTests_Info.plist;
				LD_RUNPATH_SEARCH_PATHS = "$(inherited) @loader_path/../Frameworks @loader_path/Frameworks";
				OTHER_CFLAGS = "$(inherited)";
				OTHER_LDFLAGS = "$(inherited)";
				OTHER_SWIFT_FLAGS = "$(inherited)";
				SWIFT_ACTIVE_COMPILATION_CONDITIONS = "$(inherited)";
				SWIFT_VERSION = 4.2;
				TARGET_NAME = BioSwiftTests;
			};
			name = Debug;
		};
		OBJ_38 /* Release */ = {
			isa = XCBuildConfiguration;
			buildSettings = {
				CLANG_ENABLE_MODULES = YES;
				EMBEDDED_CONTENT_CONTAINS_SWIFT = YES;
				FRAMEWORK_SEARCH_PATHS = (
					"$(inherited)",
					"$(PLATFORM_DIR)/Developer/Library/Frameworks",
				);
				HEADER_SEARCH_PATHS = "$(inherited)";
				INFOPLIST_FILE = BioSwift.xcodeproj/BioSwiftTests_Info.plist;
				LD_RUNPATH_SEARCH_PATHS = "$(inherited) @loader_path/../Frameworks @loader_path/Frameworks";
				OTHER_CFLAGS = "$(inherited)";
				OTHER_LDFLAGS = "$(inherited)";
				OTHER_SWIFT_FLAGS = "$(inherited)";
				SWIFT_ACTIVE_COMPILATION_CONDITIONS = "$(inherited)";
				SWIFT_VERSION = 4.2;
				TARGET_NAME = BioSwiftTests;
			};
			name = Release;
		};
		OBJ_4 /* Release */ = {
			isa = XCBuildConfiguration;
			buildSettings = {
				CLANG_ENABLE_OBJC_ARC = YES;
				COMBINE_HIDPI_IMAGES = YES;
				COPY_PHASE_STRIP = YES;
				DEBUG_INFORMATION_FORMAT = "dwarf-with-dsym";
				DYLIB_INSTALL_NAME_BASE = "@rpath";
				GCC_OPTIMIZATION_LEVEL = s;
				MACOSX_DEPLOYMENT_TARGET = 10.13;
				OTHER_SWIFT_FLAGS = "-DXcode";
				PRODUCT_NAME = "$(TARGET_NAME)";
				SDKROOT = macosx;
				SUPPORTED_PLATFORMS = "macosx iphoneos iphonesimulator appletvos appletvsimulator watchos watchsimulator";
				SWIFT_ACTIVE_COMPILATION_CONDITIONS = SWIFT_PACKAGE;
				SWIFT_OPTIMIZATION_LEVEL = "-Owholemodule";
				SWIFT_VERSION = 4.2;
				USE_HEADERMAP = NO;
			};
			name = Release;
		};
/* End XCBuildConfiguration section */

/* Begin XCConfigurationList section */
		OBJ_18 /* Build configuration list for PBXNativeTarget "BioSwift" */ = {
			isa = XCConfigurationList;
			buildConfigurations = (
				OBJ_19 /* Debug */,
				OBJ_20 /* Release */,
			);
			defaultConfigurationIsVisible = 0;
			defaultConfigurationName = Release;
		};
		OBJ_2 /* Build configuration list for PBXProject "BioSwift" */ = {
			isa = XCConfigurationList;
			buildConfigurations = (
				OBJ_3 /* Debug */,
				OBJ_4 /* Release */,
			);
			defaultConfigurationIsVisible = 0;
			defaultConfigurationName = Release;
		};
		OBJ_25 /* Build configuration list for PBXNativeTarget "BioSwiftPackageDescription" */ = {
			isa = XCConfigurationList;
			buildConfigurations = (
				OBJ_26 /* Debug */,
				OBJ_27 /* Release */,
			);
			defaultConfigurationIsVisible = 0;
			defaultConfigurationName = Release;
		};
		OBJ_31 /* Build configuration list for PBXAggregateTarget "BioSwiftPackageTests" */ = {
			isa = XCConfigurationList;
			buildConfigurations = (
				OBJ_32 /* Debug */,
				OBJ_33 /* Release */,
			);
			defaultConfigurationIsVisible = 0;
			defaultConfigurationName = Release;
		};
		OBJ_36 /* Build configuration list for PBXNativeTarget "BioSwiftTests" */ = {
			isa = XCConfigurationList;
			buildConfigurations = (
				OBJ_37 /* Debug */,
				OBJ_38 /* Release */,
			);
			defaultConfigurationIsVisible = 0;
			defaultConfigurationName = Release;
		};
/* End XCConfigurationList section */
	};
	rootObject = OBJ_1 /* Project object */;
}
