// !$*UTF8*$!
{
	archiveVersion = 1;
	classes = {
	};
	objectVersion = 46;
	objects = {

/* Begin PBXAggregateTarget section */
		"BioSwift::BioSwiftPackageTests::ProductTarget" /* BioSwiftPackageTests */ = {
			isa = PBXAggregateTarget;
			buildConfigurationList = OBJ_98 /* Build configuration list for PBXAggregateTarget "BioSwiftPackageTests" */;
			buildPhases = (
			);
			dependencies = (
				OBJ_101 /* PBXTargetDependency */,
			);
			name = BioSwiftPackageTests;
			productName = BioSwiftPackageTests;
		};
/* End PBXAggregateTarget section */

/* Begin PBXBuildFile section */
		5D0B69A224DE05CE00A18A26 /* aminoacids.json in Resources */ = {isa = PBXBuildFile; fileRef = 5DA2278B24DDDE6100916DA4 /* aminoacids.json */; };
		5D0B69A324DE05CE00A18A26 /* hydropathy.json in Resources */ = {isa = PBXBuildFile; fileRef = 5DA2278C24DDDE6100916DA4 /* hydropathy.json */; };
		5D0B69A424DE05CE00A18A26 /* functionalgroups.json in Resources */ = {isa = PBXBuildFile; fileRef = 5DA2278D24DDDE6100916DA4 /* functionalgroups.json */; };
		5D0B69A524DE05CE00A18A26 /* elements.json in Resources */ = {isa = PBXBuildFile; fileRef = 5DA2278E24DDDE6100916DA4 /* elements.json */; };
		5D0B69A624DE05CE00A18A26 /* elements.txt in Resources */ = {isa = PBXBuildFile; fileRef = 5DA2278F24DDDE6100916DA4 /* elements.txt */; };
		5D0B69A724DE05CE00A18A26 /* unimod.xml in Resources */ = {isa = PBXBuildFile; fileRef = 5DA2279024DDDE6100916DA4 /* unimod.xml */; };
		5D0B69A824DE05CE00A18A26 /* enzymes.json in Resources */ = {isa = PBXBuildFile; fileRef = 5DA2279124DDDE6100916DA4 /* enzymes.json */; };
		5D683D7224E9B67800A002B8 /* Fasta.swift in Sources */ = {isa = PBXBuildFile; fileRef = 5D683D7124E9B67800A002B8 /* Fasta.swift */; };
		OBJ_107 /* BioSwiftTests.swift in Sources */ = {isa = PBXBuildFile; fileRef = OBJ_47 /* BioSwiftTests.swift */; };
		OBJ_108 /* XCTestManifests.swift in Sources */ = {isa = PBXBuildFile; fileRef = OBJ_48 /* XCTestManifests.swift */; };
		OBJ_110 /* BioSwift.framework in Frameworks */ = {isa = PBXBuildFile; fileRef = "BioSwift::BioSwift::Product" /* BioSwift.framework */; };
		OBJ_60 /* BioSwift.swift in Sources */ = {isa = PBXBuildFile; fileRef = OBJ_9 /* BioSwift.swift */; };
		OBJ_61 /* AminoAcid.swift in Sources */ = {isa = PBXBuildFile; fileRef = OBJ_11 /* AminoAcid.swift */; };
		OBJ_62 /* ChemicalElement.swift in Sources */ = {isa = PBXBuildFile; fileRef = OBJ_12 /* ChemicalElement.swift */; };
		OBJ_63 /* Enzyme.swift in Sources */ = {isa = PBXBuildFile; fileRef = OBJ_13 /* Enzyme.swift */; };
		OBJ_64 /* Formula.swift in Sources */ = {isa = PBXBuildFile; fileRef = OBJ_14 /* Formula.swift */; };
		OBJ_65 /* Group.swift in Sources */ = {isa = PBXBuildFile; fileRef = OBJ_15 /* Group.swift */; };
		OBJ_66 /* Modification.swift in Sources */ = {isa = PBXBuildFile; fileRef = OBJ_16 /* Modification.swift */; };
		OBJ_67 /* Molecule.swift in Sources */ = {isa = PBXBuildFile; fileRef = OBJ_17 /* Molecule.swift */; };
		OBJ_68 /* Residue.swift in Sources */ = {isa = PBXBuildFile; fileRef = OBJ_18 /* Residue.swift */; };
		OBJ_69 /* Structure.swift in Sources */ = {isa = PBXBuildFile; fileRef = OBJ_19 /* Structure.swift */; };
		OBJ_70 /* Symbol.swift in Sources */ = {isa = PBXBuildFile; fileRef = OBJ_20 /* Symbol.swift */; };
		OBJ_71 /* Digest.swift in Sources */ = {isa = PBXBuildFile; fileRef = OBJ_22 /* Digest.swift */; };
		OBJ_72 /* Hydropathy.swift in Sources */ = {isa = PBXBuildFile; fileRef = OBJ_23 /* Hydropathy.swift */; };
		OBJ_73 /* Mass.swift in Sources */ = {isa = PBXBuildFile; fileRef = OBJ_24 /* Mass.swift */; };
		OBJ_74 /* Search.swift in Sources */ = {isa = PBXBuildFile; fileRef = OBJ_25 /* Search.swift */; };
		OBJ_76 /* JSON.swift in Sources */ = {isa = PBXBuildFile; fileRef = OBJ_28 /* JSON.swift */; };
		OBJ_77 /* Array.swift in Sources */ = {isa = PBXBuildFile; fileRef = OBJ_30 /* Array.swift */; };
		OBJ_78 /* Double.swift in Sources */ = {isa = PBXBuildFile; fileRef = OBJ_31 /* Double.swift */; };
		OBJ_79 /* String.swift in Sources */ = {isa = PBXBuildFile; fileRef = OBJ_32 /* String.swift */; };
		OBJ_80 /* BioSequence.swift in Sources */ = {isa = PBXBuildFile; fileRef = OBJ_34 /* BioSequence.swift */; };
		OBJ_81 /* Chargeable.swift in Sources */ = {isa = PBXBuildFile; fileRef = OBJ_35 /* Chargeable.swift */; };
		OBJ_82 /* Fragment.swift in Sources */ = {isa = PBXBuildFile; fileRef = OBJ_36 /* Fragment.swift */; };
		OBJ_83 /* Peptide.swift in Sources */ = {isa = PBXBuildFile; fileRef = OBJ_37 /* Peptide.swift */; };
		OBJ_84 /* Protein.swift in Sources */ = {isa = PBXBuildFile; fileRef = OBJ_38 /* Protein.swift */; };
		OBJ_85 /* SequenceRange.swift in Sources */ = {isa = PBXBuildFile; fileRef = OBJ_39 /* SequenceRange.swift */; };
		OBJ_86 /* Bundle+Decoding.swift in Sources */ = {isa = PBXBuildFile; fileRef = OBJ_41 /* Bundle+Decoding.swift */; };
		OBJ_87 /* Unimod.swift in Sources */ = {isa = PBXBuildFile; fileRef = OBJ_42 /* Unimod.swift */; };
		OBJ_88 /* Utilities.swift in Sources */ = {isa = PBXBuildFile; fileRef = OBJ_43 /* Utilities.swift */; };
		OBJ_96 /* Package.swift in Sources */ = {isa = PBXBuildFile; fileRef = OBJ_6 /* Package.swift */; };
/* End PBXBuildFile section */

/* Begin PBXContainerItemProxy section */
		5DA2278824DDDE3500916DA4 /* PBXContainerItemProxy */ = {
			isa = PBXContainerItemProxy;
			containerPortal = OBJ_1 /* Project object */;
			proxyType = 1;
			remoteGlobalIDString = "BioSwift::BioSwift";
			remoteInfo = BioSwift;
		};
		5DA2278924DDDE3600916DA4 /* PBXContainerItemProxy */ = {
			isa = PBXContainerItemProxy;
			containerPortal = OBJ_1 /* Project object */;
			proxyType = 1;
			remoteGlobalIDString = "BioSwift::BioSwiftTests";
			remoteInfo = BioSwiftTests;
		};
/* End PBXContainerItemProxy section */

/* Begin PBXFileReference section */
		5D683D7124E9B67800A002B8 /* Fasta.swift */ = {isa = PBXFileReference; fileEncoding = 4; lastKnownFileType = sourcecode.swift; path = Fasta.swift; sourceTree = "<group>"; };
		5DA2278B24DDDE6100916DA4 /* aminoacids.json */ = {isa = PBXFileReference; fileEncoding = 4; lastKnownFileType = text.json; path = aminoacids.json; sourceTree = "<group>"; };
		5DA2278C24DDDE6100916DA4 /* hydropathy.json */ = {isa = PBXFileReference; fileEncoding = 4; lastKnownFileType = text.json; path = hydropathy.json; sourceTree = "<group>"; };
		5DA2278D24DDDE6100916DA4 /* functionalgroups.json */ = {isa = PBXFileReference; fileEncoding = 4; lastKnownFileType = text.json; path = functionalgroups.json; sourceTree = "<group>"; };
		5DA2278E24DDDE6100916DA4 /* elements.json */ = {isa = PBXFileReference; fileEncoding = 4; lastKnownFileType = text.json; path = elements.json; sourceTree = "<group>"; };
		5DA2278F24DDDE6100916DA4 /* elements.txt */ = {isa = PBXFileReference; fileEncoding = 4; lastKnownFileType = text; path = elements.txt; sourceTree = "<group>"; };
		5DA2279024DDDE6100916DA4 /* unimod.xml */ = {isa = PBXFileReference; fileEncoding = 4; lastKnownFileType = text.xml; path = unimod.xml; sourceTree = "<group>"; };
		5DA2279124DDDE6100916DA4 /* enzymes.json */ = {isa = PBXFileReference; fileEncoding = 4; lastKnownFileType = text.json; path = enzymes.json; sourceTree = "<group>"; };
		"BioSwift::BioSwift::Product" /* BioSwift.framework */ = {isa = PBXFileReference; explicitFileType = wrapper.framework; path = BioSwift.framework; sourceTree = BUILT_PRODUCTS_DIR; };
		"BioSwift::BioSwiftTests::Product" /* BioSwiftTests.xctest */ = {isa = PBXFileReference; explicitFileType = wrapper.cfbundle; path = BioSwiftTests.xctest; sourceTree = BUILT_PRODUCTS_DIR; };
		OBJ_11 /* AminoAcid.swift */ = {isa = PBXFileReference; lastKnownFileType = sourcecode.swift; path = AminoAcid.swift; sourceTree = "<group>"; };
		OBJ_12 /* ChemicalElement.swift */ = {isa = PBXFileReference; lastKnownFileType = sourcecode.swift; path = ChemicalElement.swift; sourceTree = "<group>"; };
		OBJ_13 /* Enzyme.swift */ = {isa = PBXFileReference; lastKnownFileType = sourcecode.swift; path = Enzyme.swift; sourceTree = "<group>"; };
		OBJ_14 /* Formula.swift */ = {isa = PBXFileReference; lastKnownFileType = sourcecode.swift; path = Formula.swift; sourceTree = "<group>"; };
		OBJ_15 /* Group.swift */ = {isa = PBXFileReference; lastKnownFileType = sourcecode.swift; path = Group.swift; sourceTree = "<group>"; };
		OBJ_16 /* Modification.swift */ = {isa = PBXFileReference; lastKnownFileType = sourcecode.swift; path = Modification.swift; sourceTree = "<group>"; };
		OBJ_17 /* Molecule.swift */ = {isa = PBXFileReference; lastKnownFileType = sourcecode.swift; path = Molecule.swift; sourceTree = "<group>"; };
		OBJ_18 /* Residue.swift */ = {isa = PBXFileReference; lastKnownFileType = sourcecode.swift; path = Residue.swift; sourceTree = "<group>"; };
		OBJ_19 /* Structure.swift */ = {isa = PBXFileReference; lastKnownFileType = sourcecode.swift; path = Structure.swift; sourceTree = "<group>"; };
		OBJ_20 /* Symbol.swift */ = {isa = PBXFileReference; lastKnownFileType = sourcecode.swift; path = Symbol.swift; sourceTree = "<group>"; };
		OBJ_22 /* Digest.swift */ = {isa = PBXFileReference; lastKnownFileType = sourcecode.swift; path = Digest.swift; sourceTree = "<group>"; };
		OBJ_23 /* Hydropathy.swift */ = {isa = PBXFileReference; lastKnownFileType = sourcecode.swift; path = Hydropathy.swift; sourceTree = "<group>"; };
		OBJ_24 /* Mass.swift */ = {isa = PBXFileReference; lastKnownFileType = sourcecode.swift; path = Mass.swift; sourceTree = "<group>"; };
		OBJ_25 /* Search.swift */ = {isa = PBXFileReference; lastKnownFileType = sourcecode.swift; path = Search.swift; sourceTree = "<group>"; };
		OBJ_28 /* JSON.swift */ = {isa = PBXFileReference; lastKnownFileType = sourcecode.swift; path = JSON.swift; sourceTree = "<group>"; };
		OBJ_30 /* Array.swift */ = {isa = PBXFileReference; lastKnownFileType = sourcecode.swift; path = Array.swift; sourceTree = "<group>"; };
		OBJ_31 /* Double.swift */ = {isa = PBXFileReference; lastKnownFileType = sourcecode.swift; path = Double.swift; sourceTree = "<group>"; };
		OBJ_32 /* String.swift */ = {isa = PBXFileReference; lastKnownFileType = sourcecode.swift; path = String.swift; sourceTree = "<group>"; };
		OBJ_34 /* BioSequence.swift */ = {isa = PBXFileReference; lastKnownFileType = sourcecode.swift; path = BioSequence.swift; sourceTree = "<group>"; };
		OBJ_35 /* Chargeable.swift */ = {isa = PBXFileReference; lastKnownFileType = sourcecode.swift; path = Chargeable.swift; sourceTree = "<group>"; };
		OBJ_36 /* Fragment.swift */ = {isa = PBXFileReference; lastKnownFileType = sourcecode.swift; path = Fragment.swift; sourceTree = "<group>"; };
		OBJ_37 /* Peptide.swift */ = {isa = PBXFileReference; lastKnownFileType = sourcecode.swift; path = Peptide.swift; sourceTree = "<group>"; };
		OBJ_38 /* Protein.swift */ = {isa = PBXFileReference; lastKnownFileType = sourcecode.swift; path = Protein.swift; sourceTree = "<group>"; };
		OBJ_39 /* SequenceRange.swift */ = {isa = PBXFileReference; lastKnownFileType = sourcecode.swift; path = SequenceRange.swift; sourceTree = "<group>"; };
		OBJ_41 /* Bundle+Decoding.swift */ = {isa = PBXFileReference; lastKnownFileType = sourcecode.swift; path = "Bundle+Decoding.swift"; sourceTree = "<group>"; };
		OBJ_42 /* Unimod.swift */ = {isa = PBXFileReference; lastKnownFileType = sourcecode.swift; path = Unimod.swift; sourceTree = "<group>"; };
		OBJ_43 /* Utilities.swift */ = {isa = PBXFileReference; lastKnownFileType = sourcecode.swift; path = Utilities.swift; sourceTree = "<group>"; };
		OBJ_47 /* BioSwiftTests.swift */ = {isa = PBXFileReference; lastKnownFileType = sourcecode.swift; path = BioSwiftTests.swift; sourceTree = "<group>"; };
		OBJ_48 /* XCTestManifests.swift */ = {isa = PBXFileReference; lastKnownFileType = sourcecode.swift; path = XCTestManifests.swift; sourceTree = "<group>"; };
		OBJ_52 /* API Design.md */ = {isa = PBXFileReference; lastKnownFileType = net.daringfireball.markdown; path = "API Design.md"; sourceTree = "<group>"; };
		OBJ_53 /* LICENSE */ = {isa = PBXFileReference; lastKnownFileType = text; path = LICENSE; sourceTree = "<group>"; };
		OBJ_54 /* README.md */ = {isa = PBXFileReference; lastKnownFileType = net.daringfireball.markdown; path = README.md; sourceTree = "<group>"; };
		OBJ_6 /* Package.swift */ = {isa = PBXFileReference; explicitFileType = sourcecode.swift; path = Package.swift; sourceTree = "<group>"; };
		OBJ_9 /* BioSwift.swift */ = {isa = PBXFileReference; lastKnownFileType = sourcecode.swift; path = BioSwift.swift; sourceTree = "<group>"; };
/* End PBXFileReference section */

/* Begin PBXFrameworksBuildPhase section */
		OBJ_109 /* Frameworks */ = {
			isa = PBXFrameworksBuildPhase;
			buildActionMask = 0;
			files = (
				OBJ_110 /* BioSwift.framework in Frameworks */,
			);
			runOnlyForDeploymentPostprocessing = 0;
		};
		OBJ_90 /* Frameworks */ = {
			isa = PBXFrameworksBuildPhase;
			buildActionMask = 0;
			files = (
			);
			runOnlyForDeploymentPostprocessing = 0;
		};
/* End PBXFrameworksBuildPhase section */

/* Begin PBXGroup section */
		5DA2278A24DDDE6100916DA4 /* Resources */ = {
			isa = PBXGroup;
			children = (
				5DA2278B24DDDE6100916DA4 /* aminoacids.json */,
				5DA2278C24DDDE6100916DA4 /* hydropathy.json */,
				5DA2278D24DDDE6100916DA4 /* functionalgroups.json */,
				5DA2278E24DDDE6100916DA4 /* elements.json */,
				5DA2278F24DDDE6100916DA4 /* elements.txt */,
				5DA2279024DDDE6100916DA4 /* unimod.xml */,
				5DA2279124DDDE6100916DA4 /* enzymes.json */,
			);
			path = Resources;
			sourceTree = "<group>";
		};
		OBJ_10 /* Bricks */ = {
			isa = PBXGroup;
			children = (
				OBJ_11 /* AminoAcid.swift */,
				OBJ_12 /* ChemicalElement.swift */,
				OBJ_13 /* Enzyme.swift */,
				OBJ_14 /* Formula.swift */,
				OBJ_15 /* Group.swift */,
				OBJ_16 /* Modification.swift */,
				OBJ_17 /* Molecule.swift */,
				OBJ_18 /* Residue.swift */,
				OBJ_19 /* Structure.swift */,
				OBJ_20 /* Symbol.swift */,
			);
			path = Bricks;
			sourceTree = "<group>";
		};
		OBJ_21 /* Calculators */ = {
			isa = PBXGroup;
			children = (
				OBJ_22 /* Digest.swift */,
				OBJ_23 /* Hydropathy.swift */,
				OBJ_24 /* Mass.swift */,
				OBJ_25 /* Search.swift */,
			);
			path = Calculators;
			sourceTree = "<group>";
		};
		OBJ_26 /* Data */ = {
			isa = PBXGroup;
			children = (
				5D683D7124E9B67800A002B8 /* Fasta.swift */,
				OBJ_28 /* JSON.swift */,
				OBJ_42 /* Unimod.swift */,
			);
			path = Data;
			sourceTree = "<group>";
		};
		OBJ_29 /* Extensions */ = {
			isa = PBXGroup;
			children = (
				OBJ_30 /* Array.swift */,
				OBJ_31 /* Double.swift */,
				OBJ_32 /* String.swift */,
			);
			path = Extensions;
			sourceTree = "<group>";
		};
		OBJ_33 /* Sequence */ = {
			isa = PBXGroup;
			children = (
				OBJ_34 /* BioSequence.swift */,
				OBJ_35 /* Chargeable.swift */,
				OBJ_36 /* Fragment.swift */,
				OBJ_37 /* Peptide.swift */,
				OBJ_38 /* Protein.swift */,
				OBJ_39 /* SequenceRange.swift */,
			);
			path = Sequence;
			sourceTree = "<group>";
		};
		OBJ_40 /* Support */ = {
			isa = PBXGroup;
			children = (
				OBJ_41 /* Bundle+Decoding.swift */,
				OBJ_43 /* Utilities.swift */,
			);
			path = Support;
			sourceTree = "<group>";
		};
		OBJ_45 /* Tests */ = {
			isa = PBXGroup;
			children = (
				OBJ_46 /* BioSwiftTests */,
			);
			name = Tests;
			sourceTree = SOURCE_ROOT;
		};
		OBJ_46 /* BioSwiftTests */ = {
			isa = PBXGroup;
			children = (
				OBJ_47 /* BioSwiftTests.swift */,
				OBJ_48 /* XCTestManifests.swift */,
			);
			name = BioSwiftTests;
			path = Tests/BioSwiftTests;
			sourceTree = SOURCE_ROOT;
		};
		OBJ_49 /* Products */ = {
			isa = PBXGroup;
			children = (
				"BioSwift::BioSwiftTests::Product" /* BioSwiftTests.xctest */,
				"BioSwift::BioSwift::Product" /* BioSwift.framework */,
			);
			name = Products;
			sourceTree = BUILT_PRODUCTS_DIR;
		};
		OBJ_5 = {
			isa = PBXGroup;
			children = (
				OBJ_6 /* Package.swift */,
				OBJ_7 /* Sources */,
				OBJ_45 /* Tests */,
				OBJ_49 /* Products */,
				OBJ_52 /* API Design.md */,
				OBJ_53 /* LICENSE */,
				OBJ_54 /* README.md */,
			);
			sourceTree = "<group>";
		};
		OBJ_7 /* Sources */ = {
			isa = PBXGroup;
			children = (
				OBJ_8 /* BioSwift */,
			);
			name = Sources;
			sourceTree = SOURCE_ROOT;
		};
		OBJ_8 /* BioSwift */ = {
			isa = PBXGroup;
			children = (
				OBJ_9 /* BioSwift.swift */,
				OBJ_10 /* Bricks */,
				OBJ_21 /* Calculators */,
				OBJ_26 /* Data */,
				OBJ_29 /* Extensions */,
				5DA2278A24DDDE6100916DA4 /* Resources */,
				OBJ_33 /* Sequence */,
				OBJ_40 /* Support */,
			);
			name = BioSwift;
			path = Sources/BioSwift;
			sourceTree = SOURCE_ROOT;
		};
/* End PBXGroup section */

/* Begin PBXNativeTarget section */
		"BioSwift::BioSwift" /* BioSwift */ = {
			isa = PBXNativeTarget;
			buildConfigurationList = OBJ_56 /* Build configuration list for PBXNativeTarget "BioSwift" */;
			buildPhases = (
				OBJ_59 /* Sources */,
				OBJ_90 /* Frameworks */,
				5D0B69A124DE05B200A18A26 /* Resources */,
			);
			buildRules = (
			);
			dependencies = (
			);
			name = BioSwift;
			productName = BioSwift;
			productReference = "BioSwift::BioSwift::Product" /* BioSwift.framework */;
			productType = "com.apple.product-type.framework";
		};
		"BioSwift::BioSwiftTests" /* BioSwiftTests */ = {
			isa = PBXNativeTarget;
			buildConfigurationList = OBJ_103 /* Build configuration list for PBXNativeTarget "BioSwiftTests" */;
			buildPhases = (
				OBJ_106 /* Sources */,
				OBJ_109 /* Frameworks */,
			);
			buildRules = (
			);
			dependencies = (
				OBJ_111 /* PBXTargetDependency */,
			);
			name = BioSwiftTests;
			productName = BioSwiftTests;
			productReference = "BioSwift::BioSwiftTests::Product" /* BioSwiftTests.xctest */;
			productType = "com.apple.product-type.bundle.unit-test";
		};
		"BioSwift::SwiftPMPackageDescription" /* BioSwiftPackageDescription */ = {
			isa = PBXNativeTarget;
			buildConfigurationList = OBJ_92 /* Build configuration list for PBXNativeTarget "BioSwiftPackageDescription" */;
			buildPhases = (
				OBJ_95 /* Sources */,
			);
			buildRules = (
			);
			dependencies = (
			);
			name = BioSwiftPackageDescription;
			productName = BioSwiftPackageDescription;
			productType = "com.apple.product-type.framework";
		};
/* End PBXNativeTarget section */

/* Begin PBXProject section */
		OBJ_1 /* Project object */ = {
			isa = PBXProject;
			attributes = {
				LastSwiftMigration = 9999;
				LastUpgradeCheck = 1160;
			};
			buildConfigurationList = OBJ_2 /* Build configuration list for PBXProject "BioSwift" */;
			compatibilityVersion = "Xcode 3.2";
			developmentRegion = en;
			hasScannedForEncodings = 0;
			knownRegions = (
				en,
				Base,
			);
			mainGroup = OBJ_5;
			productRefGroup = OBJ_49 /* Products */;
			projectDirPath = "";
			projectRoot = "";
			targets = (
				"BioSwift::BioSwift" /* BioSwift */,
				"BioSwift::SwiftPMPackageDescription" /* BioSwiftPackageDescription */,
				"BioSwift::BioSwiftPackageTests::ProductTarget" /* BioSwiftPackageTests */,
				"BioSwift::BioSwiftTests" /* BioSwiftTests */,
			);
		};
/* End PBXProject section */

/* Begin PBXResourcesBuildPhase section */
		5D0B69A124DE05B200A18A26 /* Resources */ = {
			isa = PBXResourcesBuildPhase;
			buildActionMask = 2147483647;
			files = (
				5D0B69A224DE05CE00A18A26 /* aminoacids.json in Resources */,
				5D0B69A324DE05CE00A18A26 /* hydropathy.json in Resources */,
				5D0B69A424DE05CE00A18A26 /* functionalgroups.json in Resources */,
				5D0B69A524DE05CE00A18A26 /* elements.json in Resources */,
				5D0B69A624DE05CE00A18A26 /* elements.txt in Resources */,
				5D0B69A724DE05CE00A18A26 /* unimod.xml in Resources */,
				5D0B69A824DE05CE00A18A26 /* enzymes.json in Resources */,
			);
			runOnlyForDeploymentPostprocessing = 0;
		};
/* End PBXResourcesBuildPhase section */

/* Begin PBXSourcesBuildPhase section */
		OBJ_106 /* Sources */ = {
			isa = PBXSourcesBuildPhase;
			buildActionMask = 0;
			files = (
				OBJ_107 /* BioSwiftTests.swift in Sources */,
				OBJ_108 /* XCTestManifests.swift in Sources */,
			);
			runOnlyForDeploymentPostprocessing = 0;
		};
		OBJ_59 /* Sources */ = {
			isa = PBXSourcesBuildPhase;
			buildActionMask = 0;
			files = (
				OBJ_60 /* BioSwift.swift in Sources */,
				OBJ_61 /* AminoAcid.swift in Sources */,
				OBJ_62 /* ChemicalElement.swift in Sources */,
				OBJ_63 /* Enzyme.swift in Sources */,
				OBJ_64 /* Formula.swift in Sources */,
				OBJ_65 /* Group.swift in Sources */,
				OBJ_66 /* Modification.swift in Sources */,
				OBJ_67 /* Molecule.swift in Sources */,
				OBJ_68 /* Residue.swift in Sources */,
				OBJ_69 /* Structure.swift in Sources */,
				OBJ_70 /* Symbol.swift in Sources */,
				OBJ_71 /* Digest.swift in Sources */,
				OBJ_72 /* Hydropathy.swift in Sources */,
				OBJ_73 /* Mass.swift in Sources */,
				OBJ_74 /* Search.swift in Sources */,
				OBJ_76 /* JSON.swift in Sources */,
				OBJ_77 /* Array.swift in Sources */,
				OBJ_78 /* Double.swift in Sources */,
				OBJ_79 /* String.swift in Sources */,
				OBJ_80 /* BioSequence.swift in Sources */,
				5D683D7224E9B67800A002B8 /* Fasta.swift in Sources */,
				OBJ_81 /* Chargeable.swift in Sources */,
				OBJ_82 /* Fragment.swift in Sources */,
				OBJ_83 /* Peptide.swift in Sources */,
				OBJ_84 /* Protein.swift in Sources */,
				OBJ_85 /* SequenceRange.swift in Sources */,
				OBJ_86 /* Bundle+Decoding.swift in Sources */,
				OBJ_87 /* Unimod.swift in Sources */,
				OBJ_88 /* Utilities.swift in Sources */,
			);
			runOnlyForDeploymentPostprocessing = 0;
		};
		OBJ_95 /* Sources */ = {
			isa = PBXSourcesBuildPhase;
			buildActionMask = 0;
			files = (
				OBJ_96 /* Package.swift in Sources */,
			);
			runOnlyForDeploymentPostprocessing = 0;
		};
/* End PBXSourcesBuildPhase section */

/* Begin PBXTargetDependency section */
		OBJ_101 /* PBXTargetDependency */ = {
			isa = PBXTargetDependency;
			target = "BioSwift::BioSwiftTests" /* BioSwiftTests */;
			targetProxy = 5DA2278924DDDE3600916DA4 /* PBXContainerItemProxy */;
		};
		OBJ_111 /* PBXTargetDependency */ = {
			isa = PBXTargetDependency;
			target = "BioSwift::BioSwift" /* BioSwift */;
			targetProxy = 5DA2278824DDDE3500916DA4 /* PBXContainerItemProxy */;
		};
/* End PBXTargetDependency section */

/* Begin XCBuildConfiguration section */
		OBJ_100 /* Release */ = {
			isa = XCBuildConfiguration;
			buildSettings = {
			};
			name = Release;
		};
		OBJ_104 /* Debug */ = {
			isa = XCBuildConfiguration;
			buildSettings = {
				ALWAYS_EMBED_SWIFT_STANDARD_LIBRARIES = YES;
				CLANG_ENABLE_MODULES = YES;
				FRAMEWORK_SEARCH_PATHS = (
					"$(inherited)",
					"$(PLATFORM_DIR)/Developer/Library/Frameworks",
				);
				HEADER_SEARCH_PATHS = "$(inherited)";
				INFOPLIST_FILE = BioSwift.xcodeproj/BioSwiftTests_Info.plist;
				IPHONEOS_DEPLOYMENT_TARGET = 8.0;
				LD_RUNPATH_SEARCH_PATHS = "$(inherited) @loader_path/../Frameworks @loader_path/Frameworks";
				MACOSX_DEPLOYMENT_TARGET = 10.10;
				OTHER_CFLAGS = "$(inherited)";
				OTHER_LDFLAGS = "$(inherited)";
				OTHER_SWIFT_FLAGS = "$(inherited)";
				SWIFT_ACTIVE_COMPILATION_CONDITIONS = "$(inherited)";
				SWIFT_VERSION = 5.0;
				TARGET_NAME = BioSwiftTests;
				TVOS_DEPLOYMENT_TARGET = 9.0;
				WATCHOS_DEPLOYMENT_TARGET = 2.0;
			};
			name = Debug;
		};
		OBJ_105 /* Release */ = {
			isa = XCBuildConfiguration;
			buildSettings = {
				ALWAYS_EMBED_SWIFT_STANDARD_LIBRARIES = YES;
				CLANG_ENABLE_MODULES = YES;
				FRAMEWORK_SEARCH_PATHS = (
					"$(inherited)",
					"$(PLATFORM_DIR)/Developer/Library/Frameworks",
				);
				HEADER_SEARCH_PATHS = "$(inherited)";
				INFOPLIST_FILE = BioSwift.xcodeproj/BioSwiftTests_Info.plist;
				IPHONEOS_DEPLOYMENT_TARGET = 8.0;
				LD_RUNPATH_SEARCH_PATHS = "$(inherited) @loader_path/../Frameworks @loader_path/Frameworks";
				MACOSX_DEPLOYMENT_TARGET = 10.10;
				OTHER_CFLAGS = "$(inherited)";
				OTHER_LDFLAGS = "$(inherited)";
				OTHER_SWIFT_FLAGS = "$(inherited)";
				SWIFT_ACTIVE_COMPILATION_CONDITIONS = "$(inherited)";
				SWIFT_VERSION = 5.0;
				TARGET_NAME = BioSwiftTests;
				TVOS_DEPLOYMENT_TARGET = 9.0;
				WATCHOS_DEPLOYMENT_TARGET = 2.0;
			};
			name = Release;
		};
		OBJ_3 /* Debug */ = {
			isa = XCBuildConfiguration;
			buildSettings = {
				CLANG_ENABLE_OBJC_ARC = YES;
				CLANG_WARN_BLOCK_CAPTURE_AUTORELEASING = YES;
				CLANG_WARN_BOOL_CONVERSION = YES;
				CLANG_WARN_COMMA = YES;
				CLANG_WARN_CONSTANT_CONVERSION = YES;
				CLANG_WARN_DEPRECATED_OBJC_IMPLEMENTATIONS = YES;
				CLANG_WARN_EMPTY_BODY = YES;
				CLANG_WARN_ENUM_CONVERSION = YES;
				CLANG_WARN_INFINITE_RECURSION = YES;
				CLANG_WARN_INT_CONVERSION = YES;
				CLANG_WARN_NON_LITERAL_NULL_CONVERSION = YES;
				CLANG_WARN_OBJC_IMPLICIT_RETAIN_SELF = YES;
				CLANG_WARN_OBJC_LITERAL_CONVERSION = YES;
				CLANG_WARN_RANGE_LOOP_ANALYSIS = YES;
				CLANG_WARN_STRICT_PROTOTYPES = YES;
				CLANG_WARN_SUSPICIOUS_MOVE = YES;
				CLANG_WARN_UNREACHABLE_CODE = YES;
				CLANG_WARN__DUPLICATE_METHOD_MATCH = YES;
				COMBINE_HIDPI_IMAGES = YES;
				COPY_PHASE_STRIP = NO;
				DEBUG_INFORMATION_FORMAT = dwarf;
				DYLIB_INSTALL_NAME_BASE = "@rpath";
				ENABLE_NS_ASSERTIONS = YES;
				ENABLE_STRICT_OBJC_MSGSEND = YES;
				ENABLE_TESTABILITY = YES;
				GCC_NO_COMMON_BLOCKS = YES;
				GCC_OPTIMIZATION_LEVEL = 0;
				GCC_PREPROCESSOR_DEFINITIONS = (
					"$(inherited)",
					"SWIFT_PACKAGE=1",
					"DEBUG=1",
				);
				GCC_WARN_64_TO_32_BIT_CONVERSION = YES;
				GCC_WARN_ABOUT_RETURN_TYPE = YES;
				GCC_WARN_UNDECLARED_SELECTOR = YES;
				GCC_WARN_UNINITIALIZED_AUTOS = YES;
				GCC_WARN_UNUSED_FUNCTION = YES;
				GCC_WARN_UNUSED_VARIABLE = YES;
				MACOSX_DEPLOYMENT_TARGET = 10.10;
				ONLY_ACTIVE_ARCH = YES;
				OTHER_SWIFT_FLAGS = "$(inherited) -DXcode";
				PRODUCT_NAME = "$(TARGET_NAME)";
				SDKROOT = macosx;
				SUPPORTED_PLATFORMS = "macosx iphoneos iphonesimulator appletvos appletvsimulator watchos watchsimulator";
				SWIFT_ACTIVE_COMPILATION_CONDITIONS = "$(inherited) SWIFT_PACKAGE DEBUG";
				SWIFT_OPTIMIZATION_LEVEL = "-Onone";
				USE_HEADERMAP = NO;
			};
			name = Debug;
		};
		OBJ_4 /* Release */ = {
			isa = XCBuildConfiguration;
			buildSettings = {
				CLANG_ENABLE_OBJC_ARC = YES;
				CLANG_WARN_BLOCK_CAPTURE_AUTORELEASING = YES;
				CLANG_WARN_BOOL_CONVERSION = YES;
				CLANG_WARN_COMMA = YES;
				CLANG_WARN_CONSTANT_CONVERSION = YES;
				CLANG_WARN_DEPRECATED_OBJC_IMPLEMENTATIONS = YES;
				CLANG_WARN_EMPTY_BODY = YES;
				CLANG_WARN_ENUM_CONVERSION = YES;
				CLANG_WARN_INFINITE_RECURSION = YES;
				CLANG_WARN_INT_CONVERSION = YES;
				CLANG_WARN_NON_LITERAL_NULL_CONVERSION = YES;
				CLANG_WARN_OBJC_IMPLICIT_RETAIN_SELF = YES;
				CLANG_WARN_OBJC_LITERAL_CONVERSION = YES;
				CLANG_WARN_RANGE_LOOP_ANALYSIS = YES;
				CLANG_WARN_STRICT_PROTOTYPES = YES;
				CLANG_WARN_SUSPICIOUS_MOVE = YES;
				CLANG_WARN_UNREACHABLE_CODE = YES;
				CLANG_WARN__DUPLICATE_METHOD_MATCH = YES;
				COMBINE_HIDPI_IMAGES = YES;
				COPY_PHASE_STRIP = YES;
				DEBUG_INFORMATION_FORMAT = "dwarf-with-dsym";
				DYLIB_INSTALL_NAME_BASE = "@rpath";
				ENABLE_STRICT_OBJC_MSGSEND = YES;
				GCC_NO_COMMON_BLOCKS = YES;
				GCC_OPTIMIZATION_LEVEL = s;
				GCC_PREPROCESSOR_DEFINITIONS = (
					"$(inherited)",
					"SWIFT_PACKAGE=1",
				);
				GCC_WARN_64_TO_32_BIT_CONVERSION = YES;
				GCC_WARN_ABOUT_RETURN_TYPE = YES;
				GCC_WARN_UNDECLARED_SELECTOR = YES;
				GCC_WARN_UNINITIALIZED_AUTOS = YES;
				GCC_WARN_UNUSED_FUNCTION = YES;
				GCC_WARN_UNUSED_VARIABLE = YES;
				MACOSX_DEPLOYMENT_TARGET = 10.10;
				OTHER_SWIFT_FLAGS = "$(inherited) -DXcode";
				PRODUCT_NAME = "$(TARGET_NAME)";
				SDKROOT = macosx;
				SUPPORTED_PLATFORMS = "macosx iphoneos iphonesimulator appletvos appletvsimulator watchos watchsimulator";
				SWIFT_ACTIVE_COMPILATION_CONDITIONS = "$(inherited) SWIFT_PACKAGE";
				SWIFT_OPTIMIZATION_LEVEL = "-Owholemodule";
				USE_HEADERMAP = NO;
			};
			name = Release;
		};
		OBJ_57 /* Debug */ = {
			isa = XCBuildConfiguration;
			buildSettings = {
				ENABLE_TESTABILITY = YES;
				FRAMEWORK_SEARCH_PATHS = (
					"$(inherited)",
					"$(PLATFORM_DIR)/Developer/Library/Frameworks",
				);
				HEADER_SEARCH_PATHS = "$(inherited)";
				INFOPLIST_FILE = BioSwift.xcodeproj/BioSwift_Info.plist;
				IPHONEOS_DEPLOYMENT_TARGET = 8.0;
				LD_RUNPATH_SEARCH_PATHS = "$(inherited) $(TOOLCHAIN_DIR)/usr/lib/swift/macosx";
				MACOSX_DEPLOYMENT_TARGET = 10.10;
				OTHER_CFLAGS = "$(inherited)";
				OTHER_LDFLAGS = "$(inherited)";
				OTHER_SWIFT_FLAGS = "$(inherited)";
				PRODUCT_BUNDLE_IDENTIFIER = BioSwift;
				PRODUCT_MODULE_NAME = "$(TARGET_NAME:c99extidentifier)";
				PRODUCT_NAME = "$(TARGET_NAME:c99extidentifier)";
				SKIP_INSTALL = YES;
				SWIFT_ACTIVE_COMPILATION_CONDITIONS = "$(inherited)";
				SWIFT_VERSION = 5.0;
				TARGET_NAME = BioSwift;
				TVOS_DEPLOYMENT_TARGET = 9.0;
				WATCHOS_DEPLOYMENT_TARGET = 2.0;
			};
			name = Debug;
		};
		OBJ_58 /* Release */ = {
			isa = XCBuildConfiguration;
			buildSettings = {
				ENABLE_TESTABILITY = YES;
				FRAMEWORK_SEARCH_PATHS = (
					"$(inherited)",
					"$(PLATFORM_DIR)/Developer/Library/Frameworks",
				);
				HEADER_SEARCH_PATHS = "$(inherited)";
				INFOPLIST_FILE = BioSwift.xcodeproj/BioSwift_Info.plist;
				IPHONEOS_DEPLOYMENT_TARGET = 8.0;
				LD_RUNPATH_SEARCH_PATHS = "$(inherited) $(TOOLCHAIN_DIR)/usr/lib/swift/macosx";
				MACOSX_DEPLOYMENT_TARGET = 10.10;
				OTHER_CFLAGS = "$(inherited)";
				OTHER_LDFLAGS = "$(inherited)";
				OTHER_SWIFT_FLAGS = "$(inherited)";
				PRODUCT_BUNDLE_IDENTIFIER = BioSwift;
				PRODUCT_MODULE_NAME = "$(TARGET_NAME:c99extidentifier)";
				PRODUCT_NAME = "$(TARGET_NAME:c99extidentifier)";
				SKIP_INSTALL = YES;
				SWIFT_ACTIVE_COMPILATION_CONDITIONS = "$(inherited)";
				SWIFT_VERSION = 5.0;
				TARGET_NAME = BioSwift;
				TVOS_DEPLOYMENT_TARGET = 9.0;
				WATCHOS_DEPLOYMENT_TARGET = 2.0;
			};
			name = Release;
		};
		OBJ_93 /* Debug */ = {
			isa = XCBuildConfiguration;
			buildSettings = {
				LD = /usr/bin/true;
				OTHER_SWIFT_FLAGS = "-swift-version 5 -I $(TOOLCHAIN_DIR)/usr/lib/swift/pm/4_2 -target x86_64-apple-macosx10.10 -sdk /Applications/Xcode.app/Contents/Developer/Platforms/MacOSX.platform/Developer/SDKs/MacOSX10.15.sdk -package-description-version 5.2.0";
				SWIFT_VERSION = 5.0;
			};
			name = Debug;
		};
		OBJ_94 /* Release */ = {
			isa = XCBuildConfiguration;
			buildSettings = {
				LD = /usr/bin/true;
				OTHER_SWIFT_FLAGS = "-swift-version 5 -I $(TOOLCHAIN_DIR)/usr/lib/swift/pm/4_2 -target x86_64-apple-macosx10.10 -sdk /Applications/Xcode.app/Contents/Developer/Platforms/MacOSX.platform/Developer/SDKs/MacOSX10.15.sdk -package-description-version 5.2.0";
				SWIFT_VERSION = 5.0;
			};
			name = Release;
		};
		OBJ_99 /* Debug */ = {
			isa = XCBuildConfiguration;
			buildSettings = {
			};
			name = Debug;
		};
/* End XCBuildConfiguration section */

/* Begin XCConfigurationList section */
		OBJ_103 /* Build configuration list for PBXNativeTarget "BioSwiftTests" */ = {
			isa = XCConfigurationList;
			buildConfigurations = (
				OBJ_104 /* Debug */,
				OBJ_105 /* Release */,
			);
			defaultConfigurationIsVisible = 0;
			defaultConfigurationName = Release;
		};
		OBJ_2 /* Build configuration list for PBXProject "BioSwift" */ = {
			isa = XCConfigurationList;
			buildConfigurations = (
				OBJ_3 /* Debug */,
				OBJ_4 /* Release */,
			);
			defaultConfigurationIsVisible = 0;
			defaultConfigurationName = Release;
		};
		OBJ_56 /* Build configuration list for PBXNativeTarget "BioSwift" */ = {
			isa = XCConfigurationList;
			buildConfigurations = (
				OBJ_57 /* Debug */,
				OBJ_58 /* Release */,
			);
			defaultConfigurationIsVisible = 0;
			defaultConfigurationName = Release;
		};
		OBJ_92 /* Build configuration list for PBXNativeTarget "BioSwiftPackageDescription" */ = {
			isa = XCConfigurationList;
			buildConfigurations = (
				OBJ_93 /* Debug */,
				OBJ_94 /* Release */,
			);
			defaultConfigurationIsVisible = 0;
			defaultConfigurationName = Release;
		};
		OBJ_98 /* Build configuration list for PBXAggregateTarget "BioSwiftPackageTests" */ = {
			isa = XCConfigurationList;
			buildConfigurations = (
				OBJ_99 /* Debug */,
				OBJ_100 /* Release */,
			);
			defaultConfigurationIsVisible = 0;
			defaultConfigurationName = Release;
		};
/* End XCConfigurationList section */
	};
	rootObject = OBJ_1 /* Project object */;
}
